PODS:
  - Alamofire (4.4.0)
  - ImagePicker (2.1.1)
  - SwiftyJSON (3.1.4)
  - TextFieldEffects (1.3.2)

DEPENDENCIES:
  - Alamofire (~> 4.4)
  - ImagePicker
  - SwiftyJSON (~> 3.1.4)
  - TextFieldEffects

SPEC CHECKSUMS:
  Alamofire: dc44b1600b800eb63da6a19039a0083d62a6a62d
  ImagePicker: fe4c699abb56ff03994fa98d8b02e3883ee118be
  SwiftyJSON: c2842d878f95482ffceec5709abc3d05680c0220
  TextFieldEffects: 9e5cce561ea39c75b86e9d3637601727a67e8b23

PODFILE CHECKSUM: 0c899aeea8d08f6b1d9302c828daaa7a9dc789f6

COCOAPODS: 1.2.1
