// !$*UTF8*$!
{
	archiveVersion = 1;
	classes = {
	};
	objectVersion = 46;
	objects = {

/* Begin PBXBuildFile section */
		072669B11DC0B18F0068B7DD /* DecisionView.swift in Sources */ = {isa = PBXBuildFile; fileRef = 072669AB1DC0B18F0068B7DD /* DecisionView.swift */; };
		072669B21DC0B18F0068B7DD /* DecisionViewController.swift in Sources */ = {isa = PBXBuildFile; fileRef = 072669AC1DC0B18F0068B7DD /* DecisionViewController.swift */; };
		072669B31DC0B18F0068B7DD /* LoginView.swift in Sources */ = {isa = PBXBuildFile; fileRef = 072669AD1DC0B18F0068B7DD /* LoginView.swift */; };
		072669B41DC0B18F0068B7DD /* LoginViewController.swift in Sources */ = {isa = PBXBuildFile; fileRef = 072669AE1DC0B18F0068B7DD /* LoginViewController.swift */; };
		072669B51DC0B18F0068B7DD /* SignupView.swift in Sources */ = {isa = PBXBuildFile; fileRef = 072669AF1DC0B18F0068B7DD /* SignupView.swift */; };
		072669B61DC0B18F0068B7DD /* SignupViewController.swift in Sources */ = {isa = PBXBuildFile; fileRef = 072669B01DC0B18F0068B7DD /* SignupViewController.swift */; };
		072669B81DC0B5270068B7DD /* FLDataCenter.swift in Sources */ = {isa = PBXBuildFile; fileRef = 072669B71DC0B5270068B7DD /* FLDataCenter.swift */; };
		07CB145A1DC326D8007356BE /* SignInDataCenter.swift in Sources */ = {isa = PBXBuildFile; fileRef = 07CB14591DC326D8007356BE /* SignInDataCenter.swift */; };
		07CB145D1DC3271C007356BE /* SignUpDataCenter.swift in Sources */ = {isa = PBXBuildFile; fileRef = 07CB145C1DC3271C007356BE /* SignUpDataCenter.swift */; };
		07E851381DC340BF0030C0E9 /* StringAdditions.swift in Sources */ = {isa = PBXBuildFile; fileRef = 07E851371DC340BF0030C0E9 /* StringAdditions.swift */; };
		07E8513A1DC344950030C0E9 /* ViewControllerAdditions.swift in Sources */ = {isa = PBXBuildFile; fileRef = 07E851391DC344950030C0E9 /* ViewControllerAdditions.swift */; };
		07FC6E1B1DBF490500A0632A /* AppDelegate.swift in Sources */ = {isa = PBXBuildFile; fileRef = 07FC6E1A1DBF490500A0632A /* AppDelegate.swift */; };
		07FC6E221DBF490500A0632A /* Assets.xcassets in Resources */ = {isa = PBXBuildFile; fileRef = 07FC6E211DBF490500A0632A /* Assets.xcassets */; };
		07FC6E251DBF490500A0632A /* LaunchScreen.storyboard in Resources */ = {isa = PBXBuildFile; fileRef = 07FC6E231DBF490500A0632A /* LaunchScreen.storyboard */; };
		9C56D79E0FF9D02D25A5E572 /* Pods_HelloSwift.framework in Frameworks */ = {isa = PBXBuildFile; fileRef = 4E6FFB5C0AB2CA300C7D7FE9 /* Pods_HelloSwift.framework */; };
/* End PBXBuildFile section */

/* Begin PBXFileReference section */
		072669AB1DC0B18F0068B7DD /* DecisionView.swift */ = {isa = PBXFileReference; fileEncoding = 4; lastKnownFileType = sourcecode.swift; name = DecisionView.swift; path = Screens/DecisionView.swift; sourceTree = "<group>"; };
		072669AC1DC0B18F0068B7DD /* DecisionViewController.swift */ = {isa = PBXFileReference; fileEncoding = 4; lastKnownFileType = sourcecode.swift; name = DecisionViewController.swift; path = Screens/DecisionViewController.swift; sourceTree = "<group>"; };
		072669AD1DC0B18F0068B7DD /* LoginView.swift */ = {isa = PBXFileReference; fileEncoding = 4; lastKnownFileType = sourcecode.swift; name = LoginView.swift; path = Screens/LoginView.swift; sourceTree = "<group>"; };
		072669AE1DC0B18F0068B7DD /* LoginViewController.swift */ = {isa = PBXFileReference; fileEncoding = 4; lastKnownFileType = sourcecode.swift; name = LoginViewController.swift; path = Screens/LoginViewController.swift; sourceTree = "<group>"; };
		072669AF1DC0B18F0068B7DD /* SignupView.swift */ = {isa = PBXFileReference; fileEncoding = 4; lastKnownFileType = sourcecode.swift; name = SignupView.swift; path = Screens/SignupView.swift; sourceTree = "<group>"; };
		072669B01DC0B18F0068B7DD /* SignupViewController.swift */ = {isa = PBXFileReference; fileEncoding = 4; lastKnownFileType = sourcecode.swift; name = SignupViewController.swift; path = Screens/SignupViewController.swift; sourceTree = "<group>"; };
		072669B71DC0B5270068B7DD /* FLDataCenter.swift */ = {isa = PBXFileReference; fileEncoding = 4; lastKnownFileType = sourcecode.swift; name = FLDataCenter.swift; path = DataCenter/FLDataCenter.swift; sourceTree = "<group>"; };
		07CB14561DC2A4C4007356BE /* HelloSwift-Bridging-Header.h */ = {isa = PBXFileReference; fileEncoding = 4; lastKnownFileType = sourcecode.c.h; path = "HelloSwift-Bridging-Header.h"; sourceTree = "<group>"; };
		07CB14591DC326D8007356BE /* SignInDataCenter.swift */ = {isa = PBXFileReference; fileEncoding = 4; lastKnownFileType = sourcecode.swift; name = SignInDataCenter.swift; path = DataCenter/SignIn/SignInDataCenter.swift; sourceTree = "<group>"; };
		07CB145C1DC3271C007356BE /* SignUpDataCenter.swift */ = {isa = PBXFileReference; fileEncoding = 4; lastKnownFileType = sourcecode.swift; name = SignUpDataCenter.swift; path = DataCenter/SignUp/SignUpDataCenter.swift; sourceTree = "<group>"; };
		07E851371DC340BF0030C0E9 /* StringAdditions.swift */ = {isa = PBXFileReference; fileEncoding = 4; lastKnownFileType = sourcecode.swift; name = StringAdditions.swift; path = Extensions/StringAdditions.swift; sourceTree = "<group>"; };
		07E851391DC344950030C0E9 /* ViewControllerAdditions.swift */ = {isa = PBXFileReference; fileEncoding = 4; lastKnownFileType = sourcecode.swift; name = ViewControllerAdditions.swift; path = Extensions/ViewControllerAdditions.swift; sourceTree = "<group>"; };
		07FC6E171DBF490500A0632A /* HelloSwift.app */ = {isa = PBXFileReference; explicitFileType = wrapper.application; includeInIndex = 0; path = HelloSwift.app; sourceTree = BUILT_PRODUCTS_DIR; };
		07FC6E1A1DBF490500A0632A /* AppDelegate.swift */ = {isa = PBXFileReference; lastKnownFileType = sourcecode.swift; path = AppDelegate.swift; sourceTree = "<group>"; };
		07FC6E211DBF490500A0632A /* Assets.xcassets */ = {isa = PBXFileReference; lastKnownFileType = folder.assetcatalog; path = Assets.xcassets; sourceTree = "<group>"; };
		07FC6E241DBF490500A0632A /* Base */ = {isa = PBXFileReference; lastKnownFileType = file.storyboard; name = Base; path = Base.lproj/LaunchScreen.storyboard; sourceTree = "<group>"; };
		07FC6E261DBF490500A0632A /* Info.plist */ = {isa = PBXFileReference; lastKnownFileType = text.plist.xml; path = Info.plist; sourceTree = "<group>"; };
		4E6FFB5C0AB2CA300C7D7FE9 /* Pods_HelloSwift.framework */ = {isa = PBXFileReference; explicitFileType = wrapper.framework; includeInIndex = 0; path = Pods_HelloSwift.framework; sourceTree = BUILT_PRODUCTS_DIR; };
		5D7BC6707B32C8427D689EEA /* Pods-HelloSwift.release.xcconfig */ = {isa = PBXFileReference; includeInIndex = 1; lastKnownFileType = text.xcconfig; name = "Pods-HelloSwift.release.xcconfig"; path = "Pods/Target Support Files/Pods-HelloSwift/Pods-HelloSwift.release.xcconfig"; sourceTree = "<group>"; };
		A825E68692AB91C59D9173E8 /* Pods-HelloSwift.debug.xcconfig */ = {isa = PBXFileReference; includeInIndex = 1; lastKnownFileType = text.xcconfig; name = "Pods-HelloSwift.debug.xcconfig"; path = "Pods/Target Support Files/Pods-HelloSwift/Pods-HelloSwift.debug.xcconfig"; sourceTree = "<group>"; };
/* End PBXFileReference section */

/* Begin PBXFrameworksBuildPhase section */
		07FC6E141DBF490500A0632A /* Frameworks */ = {
			isa = PBXFrameworksBuildPhase;
			buildActionMask = 2147483647;
			files = (
				9C56D79E0FF9D02D25A5E572 /* Pods_HelloSwift.framework in Frameworks */,
			);
			runOnlyForDeploymentPostprocessing = 0;
		};
/* End PBXFrameworksBuildPhase section */

/* Begin PBXGroup section */
		072669A91DC0B14E0068B7DD /* DataCenter */ = {
			isa = PBXGroup;
			children = (
				07CB145B1DC32704007356BE /* SignUp */,
				07CB14571DC3269D007356BE /* SignIn */,
				072669B71DC0B5270068B7DD /* FLDataCenter.swift */,
			);
			name = DataCenter;
			sourceTree = "<group>";
		};
		072669AA1DC0B1560068B7DD /* Screens */ = {
			isa = PBXGroup;
			children = (
				072669AB1DC0B18F0068B7DD /* DecisionView.swift */,
				072669AC1DC0B18F0068B7DD /* DecisionViewController.swift */,
				072669AD1DC0B18F0068B7DD /* LoginView.swift */,
				072669AE1DC0B18F0068B7DD /* LoginViewController.swift */,
				072669AF1DC0B18F0068B7DD /* SignupView.swift */,
				072669B01DC0B18F0068B7DD /* SignupViewController.swift */,
			);
			name = Screens;
			sourceTree = "<group>";
		};
		07CB14571DC3269D007356BE /* SignIn */ = {
			isa = PBXGroup;
			children = (
				07CB14591DC326D8007356BE /* SignInDataCenter.swift */,
			);
			name = SignIn;
			sourceTree = "<group>";
		};
		07CB145B1DC32704007356BE /* SignUp */ = {
			isa = PBXGroup;
			children = (
				07CB145C1DC3271C007356BE /* SignUpDataCenter.swift */,
			);
			name = SignUp;
			sourceTree = "<group>";
		};
		07E851361DC340800030C0E9 /* Extensions */ = {
			isa = PBXGroup;
			children = (
				07E851371DC340BF0030C0E9 /* StringAdditions.swift */,
				07E851391DC344950030C0E9 /* ViewControllerAdditions.swift */,
			);
			name = Extensions;
			sourceTree = "<group>";
		};
		07FC6E0E1DBF490500A0632A = {
			isa = PBXGroup;
			children = (
				07CB14561DC2A4C4007356BE /* HelloSwift-Bridging-Header.h */,
				07FC6E191DBF490500A0632A /* HelloSwift */,
				07FC6E181DBF490500A0632A /* Products */,
				D9A6401C0C41FED00879BDCA /* Pods */,
				94E8CE7B41F3B9FC01B5AB7B /* Frameworks */,
			);
			sourceTree = "<group>";
		};
		07FC6E181DBF490500A0632A /* Products */ = {
			isa = PBXGroup;
			children = (
				07FC6E171DBF490500A0632A /* HelloSwift.app */,
			);
			name = Products;
			sourceTree = "<group>";
		};
		07FC6E191DBF490500A0632A /* HelloSwift */ = {
			isa = PBXGroup;
			children = (
				07E851361DC340800030C0E9 /* Extensions */,
				072669A91DC0B14E0068B7DD /* DataCenter */,
				072669AA1DC0B1560068B7DD /* Screens */,
				07FC6E1A1DBF490500A0632A /* AppDelegate.swift */,
				07FC6E211DBF490500A0632A /* Assets.xcassets */,
				07FC6E231DBF490500A0632A /* LaunchScreen.storyboard */,
				07FC6E261DBF490500A0632A /* Info.plist */,
			);
			path = HelloSwift;
			sourceTree = "<group>";
		};
		94E8CE7B41F3B9FC01B5AB7B /* Frameworks */ = {
			isa = PBXGroup;
			children = (
				4E6FFB5C0AB2CA300C7D7FE9 /* Pods_HelloSwift.framework */,
			);
			name = Frameworks;
			sourceTree = "<group>";
		};
		D9A6401C0C41FED00879BDCA /* Pods */ = {
			isa = PBXGroup;
			children = (
				A825E68692AB91C59D9173E8 /* Pods-HelloSwift.debug.xcconfig */,
				5D7BC6707B32C8427D689EEA /* Pods-HelloSwift.release.xcconfig */,
			);
			name = Pods;
			sourceTree = "<group>";
		};
/* End PBXGroup section */

/* Begin PBXNativeTarget section */
		07FC6E161DBF490500A0632A /* HelloSwift */ = {
			isa = PBXNativeTarget;
			buildConfigurationList = 07FC6E291DBF490500A0632A /* Build configuration list for PBXNativeTarget "HelloSwift" */;
			buildPhases = (
				77C7D7FD3CC0CED719CF7D06 /* [CP] Check Pods Manifest.lock */,
				07FC6E131DBF490500A0632A /* Sources */,
				07FC6E141DBF490500A0632A /* Frameworks */,
				07FC6E151DBF490500A0632A /* Resources */,
				895D9F75495FCC38AE2C818B /* [CP] Embed Pods Frameworks */,
				F744DF9FD34FE499297A7867 /* [CP] Copy Pods Resources */,
			);
			buildRules = (
			);
			dependencies = (
			);
			name = HelloSwift;
			productName = HelloSwift;
			productReference = 07FC6E171DBF490500A0632A /* HelloSwift.app */;
			productType = "com.apple.product-type.application";
		};
/* End PBXNativeTarget section */

/* Begin PBXProject section */
		07FC6E0F1DBF490500A0632A /* Project object */ = {
			isa = PBXProject;
			attributes = {
				LastSwiftUpdateCheck = 0800;
				LastUpgradeCheck = 0800;
				ORGANIZATIONNAME = "Ranjith Kumar";
				TargetAttributes = {
					07FC6E161DBF490500A0632A = {
						CreatedOnToolsVersion = 8.0;
						DevelopmentTeam = B76KMHZKZ7;
						ProvisioningStyle = Automatic;
					};
				};
			};
			buildConfigurationList = 07FC6E121DBF490500A0632A /* Build configuration list for PBXProject "HelloSwift" */;
			compatibilityVersion = "Xcode 3.2";
			developmentRegion = English;
			hasScannedForEncodings = 0;
			knownRegions = (
				en,
				Base,
			);
			mainGroup = 07FC6E0E1DBF490500A0632A;
			productRefGroup = 07FC6E181DBF490500A0632A /* Products */;
			projectDirPath = "";
			projectRoot = "";
			targets = (
				07FC6E161DBF490500A0632A /* HelloSwift */,
			);
		};
/* End PBXProject section */

/* Begin PBXResourcesBuildPhase section */
		07FC6E151DBF490500A0632A /* Resources */ = {
			isa = PBXResourcesBuildPhase;
			buildActionMask = 2147483647;
			files = (
				07FC6E251DBF490500A0632A /* LaunchScreen.storyboard in Resources */,
				07FC6E221DBF490500A0632A /* Assets.xcassets in Resources */,
			);
			runOnlyForDeploymentPostprocessing = 0;
		};
/* End PBXResourcesBuildPhase section */

/* Begin PBXShellScriptBuildPhase section */
		77C7D7FD3CC0CED719CF7D06 /* [CP] Check Pods Manifest.lock */ = {
			isa = PBXShellScriptBuildPhase;
			buildActionMask = 2147483647;
			files = (
			);
			inputPaths = (
			);
			name = "[CP] Check Pods Manifest.lock";
			outputPaths = (
			);
			runOnlyForDeploymentPostprocessing = 0;
			shellPath = /bin/sh;
			shellScript = "diff \"${PODS_ROOT}/../Podfile.lock\" \"${PODS_ROOT}/Manifest.lock\" > /dev/null\nif [ $? != 0 ] ; then\n    # print error to STDERR\n    echo \"error: The sandbox is not in sync with the Podfile.lock. Run 'pod install' or update your CocoaPods installation.\" >&2\n    exit 1\nfi\n";
			showEnvVarsInLog = 0;
		};
		895D9F75495FCC38AE2C818B /* [CP] Embed Pods Frameworks */ = {
			isa = PBXShellScriptBuildPhase;
			buildActionMask = 2147483647;
			files = (
			);
			inputPaths = (
			);
			name = "[CP] Embed Pods Frameworks";
			outputPaths = (
			);
			runOnlyForDeploymentPostprocessing = 0;
			shellPath = /bin/sh;
			shellScript = "\"${SRCROOT}/Pods/Target Support Files/Pods-HelloSwift/Pods-HelloSwift-frameworks.sh\"\n";
			showEnvVarsInLog = 0;
		};
		F744DF9FD34FE499297A7867 /* [CP] Copy Pods Resources */ = {
			isa = PBXShellScriptBuildPhase;
			buildActionMask = 2147483647;
			files = (
			);
			inputPaths = (
			);
			name = "[CP] Copy Pods Resources";
			outputPaths = (
			);
			runOnlyForDeploymentPostprocessing = 0;
			shellPath = /bin/sh;
			shellScript = "\"${SRCROOT}/Pods/Target Support Files/Pods-HelloSwift/Pods-HelloSwift-resources.sh\"\n";
			showEnvVarsInLog = 0;
		};
/* End PBXShellScriptBuildPhase section */

/* Begin PBXSourcesBuildPhase section */
		07FC6E131DBF490500A0632A /* Sources */ = {
			isa = PBXSourcesBuildPhase;
			buildActionMask = 2147483647;
			files = (
				072669B51DC0B18F0068B7DD /* SignupView.swift in Sources */,
				072669B61DC0B18F0068B7DD /* SignupViewController.swift in Sources */,
				07E8513A1DC344950030C0E9 /* ViewControllerAdditions.swift in Sources */,
				07E851381DC340BF0030C0E9 /* StringAdditions.swift in Sources */,
				072669B81DC0B5270068B7DD /* FLDataCenter.swift in Sources */,
				072669B11DC0B18F0068B7DD /* DecisionView.swift in Sources */,
				072669B21DC0B18F0068B7DD /* DecisionViewController.swift in Sources */,
				072669B31DC0B18F0068B7DD /* LoginView.swift in Sources */,
				072669B41DC0B18F0068B7DD /* LoginViewController.swift in Sources */,
				07FC6E1B1DBF490500A0632A /* AppDelegate.swift in Sources */,
				07CB145D1DC3271C007356BE /* SignUpDataCenter.swift in Sources */,
				07CB145A1DC326D8007356BE /* SignInDataCenter.swift in Sources */,
			);
			runOnlyForDeploymentPostprocessing = 0;
		};
/* End PBXSourcesBuildPhase section */

/* Begin PBXVariantGroup section */
		07FC6E231DBF490500A0632A /* LaunchScreen.storyboard */ = {
			isa = PBXVariantGroup;
			children = (
				07FC6E241DBF490500A0632A /* Base */,
			);
			name = LaunchScreen.storyboard;
			sourceTree = "<group>";
		};
/* End PBXVariantGroup section */

/* Begin XCBuildConfiguration section */
		07FC6E271DBF490500A0632A /* Debug */ = {
			isa = XCBuildConfiguration;
			buildSettings = {
				ALWAYS_SEARCH_USER_PATHS = NO;
				CLANG_ANALYZER_NONNULL = YES;
				CLANG_CXX_LANGUAGE_STANDARD = "gnu++0x";
				CLANG_CXX_LIBRARY = "libc++";
				CLANG_ENABLE_MODULES = YES;
				CLANG_ENABLE_OBJC_ARC = YES;
				CLANG_WARN_BOOL_CONVERSION = YES;
				CLANG_WARN_CONSTANT_CONVERSION = YES;
				CLANG_WARN_DIRECT_OBJC_ISA_USAGE = YES_ERROR;
				CLANG_WARN_DOCUMENTATION_COMMENTS = YES;
				CLANG_WARN_EMPTY_BODY = YES;
				CLANG_WARN_ENUM_CONVERSION = YES;
				CLANG_WARN_INFINITE_RECURSION = YES;
				CLANG_WARN_INT_CONVERSION = YES;
				CLANG_WARN_OBJC_ROOT_CLASS = YES_ERROR;
				CLANG_WARN_SUSPICIOUS_MOVE = YES;
				CLANG_WARN_SUSPICIOUS_MOVES = YES;
				CLANG_WARN_UNREACHABLE_CODE = YES;
				CLANG_WARN__DUPLICATE_METHOD_MATCH = YES;
				"CODE_SIGN_IDENTITY[sdk=iphoneos*]" = "iPhone Developer";
				COPY_PHASE_STRIP = NO;
				DEBUG_INFORMATION_FORMAT = dwarf;
				ENABLE_STRICT_OBJC_MSGSEND = YES;
				ENABLE_TESTABILITY = YES;
				GCC_C_LANGUAGE_STANDARD = gnu99;
				GCC_DYNAMIC_NO_PIC = NO;
				GCC_NO_COMMON_BLOCKS = YES;
				GCC_OPTIMIZATION_LEVEL = 0;
				GCC_PREPROCESSOR_DEFINITIONS = (
					"DEBUG=1",
					"$(inherited)",
				);
				GCC_WARN_64_TO_32_BIT_CONVERSION = YES;
				GCC_WARN_ABOUT_RETURN_TYPE = YES_ERROR;
				GCC_WARN_UNDECLARED_SELECTOR = YES;
				GCC_WARN_UNINITIALIZED_AUTOS = YES_AGGRESSIVE;
				GCC_WARN_UNUSED_FUNCTION = YES;
				GCC_WARN_UNUSED_VARIABLE = YES;
				IPHONEOS_DEPLOYMENT_TARGET = 10.0;
				MTL_ENABLE_DEBUG_INFO = YES;
				ONLY_ACTIVE_ARCH = YES;
				SDKROOT = iphoneos;
				SWIFT_ACTIVE_COMPILATION_CONDITIONS = DEBUG;
				SWIFT_OPTIMIZATION_LEVEL = "-Onone";
			};
			name = Debug;
		};
		07FC6E281DBF490500A0632A /* Release */ = {
			isa = XCBuildConfiguration;
			buildSettings = {
				ALWAYS_SEARCH_USER_PATHS = NO;
				CLANG_ANALYZER_NONNULL = YES;
				CLANG_CXX_LANGUAGE_STANDARD = "gnu++0x";
				CLANG_CXX_LIBRARY = "libc++";
				CLANG_ENABLE_MODULES = YES;
				CLANG_ENABLE_OBJC_ARC = YES;
				CLANG_WARN_BOOL_CONVERSION = YES;
				CLANG_WARN_CONSTANT_CONVERSION = YES;
				CLANG_WARN_DIRECT_OBJC_ISA_USAGE = YES_ERROR;
				CLANG_WARN_DOCUMENTATION_COMMENTS = YES;
				CLANG_WARN_EMPTY_BODY = YES;
				CLANG_WARN_ENUM_CONVERSION = YES;
				CLANG_WARN_INFINITE_RECURSION = YES;
				CLANG_WARN_INT_CONVERSION = YES;
				CLANG_WARN_OBJC_ROOT_CLASS = YES_ERROR;
				CLANG_WARN_SUSPICIOUS_MOVE = YES;
				CLANG_WARN_SUSPICIOUS_MOVES = YES;
				CLANG_WARN_UNREACHABLE_CODE = YES;
				CLANG_WARN__DUPLICATE_METHOD_MATCH = YES;
				"CODE_SIGN_IDENTITY[sdk=iphoneos*]" = "iPhone Developer";
				COPY_PHASE_STRIP = NO;
				DEBUG_INFORMATION_FORMAT = "dwarf-with-dsym";
				ENABLE_NS_ASSERTIONS = NO;
				ENABLE_STRICT_OBJC_MSGSEND = YES;
				GCC_C_LANGUAGE_STANDARD = gnu99;
				GCC_NO_COMMON_BLOCKS = YES;
				GCC_WARN_64_TO_32_BIT_CONVERSION = YES;
				GCC_WARN_ABOUT_RETURN_TYPE = YES_ERROR;
				GCC_WARN_UNDECLARED_SELECTOR = YES;
				GCC_WARN_UNINITIALIZED_AUTOS = YES_AGGRESSIVE;
				GCC_WARN_UNUSED_FUNCTION = YES;
				GCC_WARN_UNUSED_VARIABLE = YES;
				IPHONEOS_DEPLOYMENT_TARGET = 10.0;
				MTL_ENABLE_DEBUG_INFO = NO;
				SDKROOT = iphoneos;
				SWIFT_OPTIMIZATION_LEVEL = "-Owholemodule";
				VALIDATE_PRODUCT = YES;
			};
			name = Release;
		};
		07FC6E2A1DBF490500A0632A /* Debug */ = {
			isa = XCBuildConfiguration;
			baseConfigurationReference = A825E68692AB91C59D9173E8 /* Pods-HelloSwift.debug.xcconfig */;
			buildSettings = {
				ALWAYS_EMBED_SWIFT_STANDARD_LIBRARIES = YES;
				ASSETCATALOG_COMPILER_APPICON_NAME = AppIcon;
				DEVELOPMENT_TEAM = B76KMHZKZ7;
				INFOPLIST_FILE = HelloSwift/Info.plist;
				IPHONEOS_DEPLOYMENT_TARGET = 9.0;
				LD_RUNPATH_SEARCH_PATHS = "$(inherited) @executable_path/Frameworks";
				PRODUCT_BUNDLE_IDENTIFIER = com.iTag.HelloSwift;
				PRODUCT_NAME = "$(TARGET_NAME)";
				SWIFT_OBJC_BRIDGING_HEADER = "HelloSwift-Bridging-Header.h";
				SWIFT_VERSION = 3.0;
			};
			name = Debug;
		};
		07FC6E2B1DBF490500A0632A /* Release */ = {
			isa = XCBuildConfiguration;
			baseConfigurationReference = 5D7BC6707B32C8427D689EEA /* Pods-HelloSwift.release.xcconfig */;
			buildSettings = {
				ALWAYS_EMBED_SWIFT_STANDARD_LIBRARIES = YES;
				ASSETCATALOG_COMPILER_APPICON_NAME = AppIcon;
				DEVELOPMENT_TEAM = B76KMHZKZ7;
				INFOPLIST_FILE = HelloSwift/Info.plist;
				IPHONEOS_DEPLOYMENT_TARGET = 9.0;
				LD_RUNPATH_SEARCH_PATHS = "$(inherited) @executable_path/Frameworks";
				PRODUCT_BUNDLE_IDENTIFIER = com.iTag.HelloSwift;
				PRODUCT_NAME = "$(TARGET_NAME)";
				SWIFT_OBJC_BRIDGING_HEADER = "HelloSwift-Bridging-Header.h";
				SWIFT_VERSION = 3.0;
			};
			name = Release;
		};
/* End XCBuildConfiguration section */

/* Begin XCConfigurationList section */
		07FC6E121DBF490500A0632A /* Build configuration list for PBXProject "HelloSwift" */ = {
			isa = XCConfigurationList;
			buildConfigurations = (
				07FC6E271DBF490500A0632A /* Debug */,
				07FC6E281DBF490500A0632A /* Release */,
			);
			defaultConfigurationIsVisible = 0;
			defaultConfigurationName = Release;
		};
		07FC6E291DBF490500A0632A /* Build configuration list for PBXNativeTarget "HelloSwift" */ = {
			isa = XCConfigurationList;
			buildConfigurations = (
				07FC6E2A1DBF490500A0632A /* Debug */,
				07FC6E2B1DBF490500A0632A /* Release */,
			);
			defaultConfigurationIsVisible = 0;
			defaultConfigurationName = Release;
		};
/* End XCConfigurationList section */
	};
	rootObject = 07FC6E0F1DBF490500A0632A /* Project object */;
}
