// !$*UTF8*$!
{
	archiveVersion = 1;
	classes = {
	};
	objectVersion = 46;
	objects = {

/* Begin PBXBuildFile section */
		072669A61DC0AABD0068B7DD /* SignupViewController.swift in Sources */ = {isa = PBXBuildFile; fileRef = 072669A51DC0AABD0068B7DD /* SignupViewController.swift */; };
		072669A81DC0AACF0068B7DD /* SignupView.swift in Sources */ = {isa = PBXBuildFile; fileRef = 072669A71DC0AACF0068B7DD /* SignupView.swift */; };
		07FC6E1B1DBF490500A0632A /* AppDelegate.swift in Sources */ = {isa = PBXBuildFile; fileRef = 07FC6E1A1DBF490500A0632A /* AppDelegate.swift */; };
		07FC6E221DBF490500A0632A /* Assets.xcassets in Resources */ = {isa = PBXBuildFile; fileRef = 07FC6E211DBF490500A0632A /* Assets.xcassets */; };
		07FC6E251DBF490500A0632A /* LaunchScreen.storyboard in Resources */ = {isa = PBXBuildFile; fileRef = 07FC6E231DBF490500A0632A /* LaunchScreen.storyboard */; };
		07FC6E2D1DBF495200A0632A /* LoginViewController.swift in Sources */ = {isa = PBXBuildFile; fileRef = 07FC6E2C1DBF495200A0632A /* LoginViewController.swift */; };
		07FC6E2F1DBF496200A0632A /* LoginView.swift in Sources */ = {isa = PBXBuildFile; fileRef = 07FC6E2E1DBF496200A0632A /* LoginView.swift */; };
		07FC6E311DBF8E4900A0632A /* DecisionViewController.swift in Sources */ = {isa = PBXBuildFile; fileRef = 07FC6E301DBF8E4900A0632A /* DecisionViewController.swift */; };
		07FC6E331DBF8E5C00A0632A /* DecisionView.swift in Sources */ = {isa = PBXBuildFile; fileRef = 07FC6E321DBF8E5C00A0632A /* DecisionView.swift */; };
/* End PBXBuildFile section */

/* Begin PBXFileReference section */
		072669A51DC0AABD0068B7DD /* SignupViewController.swift */ = {isa = PBXFileReference; fileEncoding = 4; lastKnownFileType = sourcecode.swift; path = SignupViewController.swift; sourceTree = "<group>"; };
		072669A71DC0AACF0068B7DD /* SignupView.swift */ = {isa = PBXFileReference; fileEncoding = 4; lastKnownFileType = sourcecode.swift; path = SignupView.swift; sourceTree = "<group>"; };
		07FC6E171DBF490500A0632A /* HelloSwift.app */ = {isa = PBXFileReference; explicitFileType = wrapper.application; includeInIndex = 0; path = HelloSwift.app; sourceTree = BUILT_PRODUCTS_DIR; };
		07FC6E1A1DBF490500A0632A /* AppDelegate.swift */ = {isa = PBXFileReference; lastKnownFileType = sourcecode.swift; path = AppDelegate.swift; sourceTree = "<group>"; };
		07FC6E211DBF490500A0632A /* Assets.xcassets */ = {isa = PBXFileReference; lastKnownFileType = folder.assetcatalog; path = Assets.xcassets; sourceTree = "<group>"; };
		07FC6E241DBF490500A0632A /* Base */ = {isa = PBXFileReference; lastKnownFileType = file.storyboard; name = Base; path = Base.lproj/LaunchScreen.storyboard; sourceTree = "<group>"; };
		07FC6E261DBF490500A0632A /* Info.plist */ = {isa = PBXFileReference; lastKnownFileType = text.plist.xml; path = Info.plist; sourceTree = "<group>"; };
		07FC6E2C1DBF495200A0632A /* LoginViewController.swift */ = {isa = PBXFileReference; fileEncoding = 4; lastKnownFileType = sourcecode.swift; path = LoginViewController.swift; sourceTree = "<group>"; };
		07FC6E2E1DBF496200A0632A /* LoginView.swift */ = {isa = PBXFileReference; fileEncoding = 4; lastKnownFileType = sourcecode.swift; path = LoginView.swift; sourceTree = "<group>"; };
		07FC6E301DBF8E4900A0632A /* DecisionViewController.swift */ = {isa = PBXFileReference; fileEncoding = 4; lastKnownFileType = sourcecode.swift; path = DecisionViewController.swift; sourceTree = "<group>"; };
		07FC6E321DBF8E5C00A0632A /* DecisionView.swift */ = {isa = PBXFileReference; fileEncoding = 4; lastKnownFileType = sourcecode.swift; path = DecisionView.swift; sourceTree = "<group>"; };
/* End PBXFileReference section */

/* Begin PBXFrameworksBuildPhase section */
		07FC6E141DBF490500A0632A /* Frameworks */ = {
			isa = PBXFrameworksBuildPhase;
			buildActionMask = 2147483647;
			files = (
			);
			runOnlyForDeploymentPostprocessing = 0;
		};
/* End PBXFrameworksBuildPhase section */

/* Begin PBXGroup section */
		07FC6E0E1DBF490500A0632A = {
			isa = PBXGroup;
			children = (
				07FC6E191DBF490500A0632A /* HelloSwift */,
				07FC6E181DBF490500A0632A /* Products */,
			);
			sourceTree = "<group>";
		};
		07FC6E181DBF490500A0632A /* Products */ = {
			isa = PBXGroup;
			children = (
				07FC6E171DBF490500A0632A /* HelloSwift.app */,
			);
			name = Products;
			sourceTree = "<group>";
		};
		07FC6E191DBF490500A0632A /* HelloSwift */ = {
			isa = PBXGroup;
			children = (
				07FC6E1A1DBF490500A0632A /* AppDelegate.swift */,
				07FC6E211DBF490500A0632A /* Assets.xcassets */,
				07FC6E231DBF490500A0632A /* LaunchScreen.storyboard */,
				07FC6E261DBF490500A0632A /* Info.plist */,
				07FC6E2C1DBF495200A0632A /* LoginViewController.swift */,
				07FC6E2E1DBF496200A0632A /* LoginView.swift */,
				072669A51DC0AABD0068B7DD /* SignupViewController.swift */,
				072669A71DC0AACF0068B7DD /* SignupView.swift */,
				07FC6E301DBF8E4900A0632A /* DecisionViewController.swift */,
				07FC6E321DBF8E5C00A0632A /* DecisionView.swift */,
			);
			path = HelloSwift;
			sourceTree = "<group>";
		};
/* End PBXGroup section */

/* Begin PBXNativeTarget section */
		07FC6E161DBF490500A0632A /* HelloSwift */ = {
			isa = PBXNativeTarget;
			buildConfigurationList = 07FC6E291DBF490500A0632A /* Build configuration list for PBXNativeTarget "HelloSwift" */;
			buildPhases = (
				07FC6E131DBF490500A0632A /* Sources */,
				07FC6E141DBF490500A0632A /* Frameworks */,
				07FC6E151DBF490500A0632A /* Resources */,
			);
			buildRules = (
			);
			dependencies = (
			);
			name = HelloSwift;
			productName = HelloSwift;
			productReference = 07FC6E171DBF490500A0632A /* HelloSwift.app */;
			productType = "com.apple.product-type.application";
		};
/* End PBXNativeTarget section */

/* Begin PBXProject section */
		07FC6E0F1DBF490500A0632A /* Project object */ = {
			isa = PBXProject;
			attributes = {
				LastSwiftUpdateCheck = 0800;
				LastUpgradeCheck = 0800;
				ORGANIZATIONNAME = "Ranjith Kumar";
				TargetAttributes = {
					07FC6E161DBF490500A0632A = {
						CreatedOnToolsVersion = 8.0;
						DevelopmentTeam = B76KMHZKZ7;
						ProvisioningStyle = Automatic;
					};
				};
			};
			buildConfigurationList = 07FC6E121DBF490500A0632A /* Build configuration list for PBXProject "HelloSwift" */;
			compatibilityVersion = "Xcode 3.2";
			developmentRegion = English;
			hasScannedForEncodings = 0;
			knownRegions = (
				en,
				Base,
			);
			mainGroup = 07FC6E0E1DBF490500A0632A;
			productRefGroup = 07FC6E181DBF490500A0632A /* Products */;
			projectDirPath = "";
			projectRoot = "";
			targets = (
				07FC6E161DBF490500A0632A /* HelloSwift */,
			);
		};
/* End PBXProject section */

/* Begin PBXResourcesBuildPhase section */
		07FC6E151DBF490500A0632A /* Resources */ = {
			isa = PBXResourcesBuildPhase;
			buildActionMask = 2147483647;
			files = (
				07FC6E251DBF490500A0632A /* LaunchScreen.storyboard in Resources */,
				07FC6E221DBF490500A0632A /* Assets.xcassets in Resources */,
			);
			runOnlyForDeploymentPostprocessing = 0;
		};
/* End PBXResourcesBuildPhase section */

/* Begin PBXSourcesBuildPhase section */
		07FC6E131DBF490500A0632A /* Sources */ = {
			isa = PBXSourcesBuildPhase;
			buildActionMask = 2147483647;
			files = (
				072669A81DC0AACF0068B7DD /* SignupView.swift in Sources */,
				072669A61DC0AABD0068B7DD /* SignupViewController.swift in Sources */,
				07FC6E311DBF8E4900A0632A /* DecisionViewController.swift in Sources */,
				07FC6E2D1DBF495200A0632A /* LoginViewController.swift in Sources */,
				07FC6E2F1DBF496200A0632A /* LoginView.swift in Sources */,
				07FC6E1B1DBF490500A0632A /* AppDelegate.swift in Sources */,
				07FC6E331DBF8E5C00A0632A /* DecisionView.swift in Sources */,
			);
			runOnlyForDeploymentPostprocessing = 0;
		};
/* End PBXSourcesBuildPhase section */

/* Begin PBXVariantGroup section */
		07FC6E231DBF490500A0632A /* LaunchScreen.storyboard */ = {
			isa = PBXVariantGroup;
			children = (
				07FC6E241DBF490500A0632A /* Base */,
			);
			name = LaunchScreen.storyboard;
			sourceTree = "<group>";
		};
/* End PBXVariantGroup section */

/* Begin XCBuildConfiguration section */
		07FC6E271DBF490500A0632A /* Debug */ = {
			isa = XCBuildConfiguration;
			buildSettings = {
				ALWAYS_SEARCH_USER_PATHS = NO;
				CLANG_ANALYZER_NONNULL = YES;
				CLANG_CXX_LANGUAGE_STANDARD = "gnu++0x";
				CLANG_CXX_LIBRARY = "libc++";
				CLANG_ENABLE_MODULES = YES;
				CLANG_ENABLE_OBJC_ARC = YES;
				CLANG_WARN_BOOL_CONVERSION = YES;
				CLANG_WARN_CONSTANT_CONVERSION = YES;
				CLANG_WARN_DIRECT_OBJC_ISA_USAGE = YES_ERROR;
				CLANG_WARN_DOCUMENTATION_COMMENTS = YES;
				CLANG_WARN_EMPTY_BODY = YES;
				CLANG_WARN_ENUM_CONVERSION = YES;
				CLANG_WARN_INFINITE_RECURSION = YES;
				CLANG_WARN_INT_CONVERSION = YES;
				CLANG_WARN_OBJC_ROOT_CLASS = YES_ERROR;
				CLANG_WARN_SUSPICIOUS_MOVES = YES;
				CLANG_WARN_UNREACHABLE_CODE = YES;
				CLANG_WARN__DUPLICATE_METHOD_MATCH = YES;
				"CODE_SIGN_IDENTITY[sdk=iphoneos*]" = "iPhone Developer";
				COPY_PHASE_STRIP = NO;
				DEBUG_INFORMATION_FORMAT = dwarf;
				ENABLE_STRICT_OBJC_MSGSEND = YES;
				ENABLE_TESTABILITY = YES;
				GCC_C_LANGUAGE_STANDARD = gnu99;
				GCC_DYNAMIC_NO_PIC = NO;
				GCC_NO_COMMON_BLOCKS = YES;
				GCC_OPTIMIZATION_LEVEL = 0;
				GCC_PREPROCESSOR_DEFINITIONS = (
					"DEBUG=1",
					"$(inherited)",
				);
				GCC_WARN_64_TO_32_BIT_CONVERSION = YES;
				GCC_WARN_ABOUT_RETURN_TYPE = YES_ERROR;
				GCC_WARN_UNDECLARED_SELECTOR = YES;
				GCC_WARN_UNINITIALIZED_AUTOS = YES_AGGRESSIVE;
				GCC_WARN_UNUSED_FUNCTION = YES;
				GCC_WARN_UNUSED_VARIABLE = YES;
				IPHONEOS_DEPLOYMENT_TARGET = 10.0;
				MTL_ENABLE_DEBUG_INFO = YES;
				ONLY_ACTIVE_ARCH = YES;
				SDKROOT = iphoneos;
				SWIFT_ACTIVE_COMPILATION_CONDITIONS = DEBUG;
				SWIFT_OPTIMIZATION_LEVEL = "-Onone";
			};
			name = Debug;
		};
		07FC6E281DBF490500A0632A /* Release */ = {
			isa = XCBuildConfiguration;
			buildSettings = {
				ALWAYS_SEARCH_USER_PATHS = NO;
				CLANG_ANALYZER_NONNULL = YES;
				CLANG_CXX_LANGUAGE_STANDARD = "gnu++0x";
				CLANG_CXX_LIBRARY = "libc++";
				CLANG_ENABLE_MODULES = YES;
				CLANG_ENABLE_OBJC_ARC = YES;
				CLANG_WARN_BOOL_CONVERSION = YES;
				CLANG_WARN_CONSTANT_CONVERSION = YES;
				CLANG_WARN_DIRECT_OBJC_ISA_USAGE = YES_ERROR;
				CLANG_WARN_DOCUMENTATION_COMMENTS = YES;
				CLANG_WARN_EMPTY_BODY = YES;
				CLANG_WARN_ENUM_CONVERSION = YES;
				CLANG_WARN_INFINITE_RECURSION = YES;
				CLANG_WARN_INT_CONVERSION = YES;
				CLANG_WARN_OBJC_ROOT_CLASS = YES_ERROR;
				CLANG_WARN_SUSPICIOUS_MOVES = YES;
				CLANG_WARN_UNREACHABLE_CODE = YES;
				CLANG_WARN__DUPLICATE_METHOD_MATCH = YES;
				"CODE_SIGN_IDENTITY[sdk=iphoneos*]" = "iPhone Developer";
				COPY_PHASE_STRIP = NO;
				DEBUG_INFORMATION_FORMAT = "dwarf-with-dsym";
				ENABLE_NS_ASSERTIONS = NO;
				ENABLE_STRICT_OBJC_MSGSEND = YES;
				GCC_C_LANGUAGE_STANDARD = gnu99;
				GCC_NO_COMMON_BLOCKS = YES;
				GCC_WARN_64_TO_32_BIT_CONVERSION = YES;
				GCC_WARN_ABOUT_RETURN_TYPE = YES_ERROR;
				GCC_WARN_UNDECLARED_SELECTOR = YES;
				GCC_WARN_UNINITIALIZED_AUTOS = YES_AGGRESSIVE;
				GCC_WARN_UNUSED_FUNCTION = YES;
				GCC_WARN_UNUSED_VARIABLE = YES;
				IPHONEOS_DEPLOYMENT_TARGET = 10.0;
				MTL_ENABLE_DEBUG_INFO = NO;
				SDKROOT = iphoneos;
				SWIFT_OPTIMIZATION_LEVEL = "-Owholemodule";
				VALIDATE_PRODUCT = YES;
			};
			name = Release;
		};
		07FC6E2A1DBF490500A0632A /* Debug */ = {
			isa = XCBuildConfiguration;
			buildSettings = {
				ASSETCATALOG_COMPILER_APPICON_NAME = AppIcon;
				DEVELOPMENT_TEAM = B76KMHZKZ7;
				INFOPLIST_FILE = HelloSwift/Info.plist;
				LD_RUNPATH_SEARCH_PATHS = "$(inherited) @executable_path/Frameworks";
				PRODUCT_BUNDLE_IDENTIFIER = com.iTag.HelloSwift;
				PRODUCT_NAME = "$(TARGET_NAME)";
				SWIFT_VERSION = 3.0;
			};
			name = Debug;
		};
		07FC6E2B1DBF490500A0632A /* Release */ = {
			isa = XCBuildConfiguration;
			buildSettings = {
				ASSETCATALOG_COMPILER_APPICON_NAME = AppIcon;
				DEVELOPMENT_TEAM = B76KMHZKZ7;
				INFOPLIST_FILE = HelloSwift/Info.plist;
				LD_RUNPATH_SEARCH_PATHS = "$(inherited) @executable_path/Frameworks";
				PRODUCT_BUNDLE_IDENTIFIER = com.iTag.HelloSwift;
				PRODUCT_NAME = "$(TARGET_NAME)";
				SWIFT_VERSION = 3.0;
			};
			name = Release;
		};
/* End XCBuildConfiguration section */

/* Begin XCConfigurationList section */
		07FC6E121DBF490500A0632A /* Build configuration list for PBXProject "HelloSwift" */ = {
			isa = XCConfigurationList;
			buildConfigurations = (
				07FC6E271DBF490500A0632A /* Debug */,
				07FC6E281DBF490500A0632A /* Release */,
			);
			defaultConfigurationIsVisible = 0;
			defaultConfigurationName = Release;
		};
		07FC6E291DBF490500A0632A /* Build configuration list for PBXNativeTarget "HelloSwift" */ = {
			isa = XCConfigurationList;
			buildConfigurations = (
				07FC6E2A1DBF490500A0632A /* Debug */,
				07FC6E2B1DBF490500A0632A /* Release */,
			);
			defaultConfigurationIsVisible = 0;
			defaultConfigurationName = Release;
		};
/* End XCConfigurationList section */
	};
	rootObject = 07FC6E0F1DBF490500A0632A /* Project object */;
}
