// !$*UTF8*$!
{
	archiveVersion = 1;
	classes = {
	};
	objectVersion = 46;
	objects = {

/* Begin PBXBuildFile section */
		0705BB381DC8910C00FA8AA9 /* OuterHotButton.swift in Sources */ = {isa = PBXBuildFile; fileRef = 0705BB371DC8910C00FA8AA9 /* OuterHotButton.swift */; };
		0715213B1DC8AD370098D042 /* BackNavigationButtonView.swift in Sources */ = {isa = PBXBuildFile; fileRef = 0715213A1DC8AD370098D042 /* BackNavigationButtonView.swift */; };
		0715213D1DC8D2CD0098D042 /* AVFoundation.framework in Frameworks */ = {isa = PBXBuildFile; fileRef = 0715213C1DC8D2CD0098D042 /* AVFoundation.framework */; };
		0716D35D1DD7324E00252A24 /* AttributedString+CustomFont.swift in Sources */ = {isa = PBXBuildFile; fileRef = 0716D35C1DD7324E00252A24 /* AttributedString+CustomFont.swift */; };
		0719951E1DC85C9C00F96E54 /* NavigationBarManager.swift in Sources */ = {isa = PBXBuildFile; fileRef = 0719951D1DC85C9C00F96E54 /* NavigationBarManager.swift */; };
		071995201DC85DDF00F96E54 /* BarButtonItemsFactory.swift in Sources */ = {isa = PBXBuildFile; fileRef = 0719951F1DC85DDF00F96E54 /* BarButtonItemsFactory.swift */; };
		071995281DC87E5100F96E54 /* ComposeNotificationGroupBtnView.swift in Sources */ = {isa = PBXBuildFile; fileRef = 071995271DC87E5100F96E54 /* ComposeNotificationGroupBtnView.swift */; };
		071CC4C81DC6FB1E009D5C27 /* DACircularProgressView.m in Sources */ = {isa = PBXBuildFile; fileRef = 071CC47E1DC6FB1D009D5C27 /* DACircularProgressView.m */; };
		071CC4C91DC6FB1E009D5C27 /* DALabeledCircularProgressView.m in Sources */ = {isa = PBXBuildFile; fileRef = 071CC4801DC6FB1D009D5C27 /* DALabeledCircularProgressView.m */; };
		071CC4CA1DC6FB1E009D5C27 /* DGActivityIndicatorBallBeatAnimation.m in Sources */ = {isa = PBXBuildFile; fileRef = 071CC4841DC6FB1D009D5C27 /* DGActivityIndicatorBallBeatAnimation.m */; };
		071CC4CB1DC6FB1E009D5C27 /* DGActivityIndicatorBallClipRotateAnimation.m in Sources */ = {isa = PBXBuildFile; fileRef = 071CC4861DC6FB1D009D5C27 /* DGActivityIndicatorBallClipRotateAnimation.m */; };
		071CC4CC1DC6FB1E009D5C27 /* DGActivityIndicatorBallClipRotateMultipleAnimation.m in Sources */ = {isa = PBXBuildFile; fileRef = 071CC4881DC6FB1D009D5C27 /* DGActivityIndicatorBallClipRotateMultipleAnimation.m */; };
		071CC4CD1DC6FB1E009D5C27 /* DGActivityIndicatorBallClipRotatePulseAnimation.m in Sources */ = {isa = PBXBuildFile; fileRef = 071CC48A1DC6FB1D009D5C27 /* DGActivityIndicatorBallClipRotatePulseAnimation.m */; };
		071CC4CE1DC6FB1E009D5C27 /* DGActivityIndicatorBallGridBeatAnimation.m in Sources */ = {isa = PBXBuildFile; fileRef = 071CC48C1DC6FB1D009D5C27 /* DGActivityIndicatorBallGridBeatAnimation.m */; };
		071CC4CF1DC6FB1E009D5C27 /* DGActivityIndicatorBallGridPulseAnimation.m in Sources */ = {isa = PBXBuildFile; fileRef = 071CC48E1DC6FB1D009D5C27 /* DGActivityIndicatorBallGridPulseAnimation.m */; };
		071CC4D01DC6FB1E009D5C27 /* DGActivityIndicatorBallPulseAnimation.m in Sources */ = {isa = PBXBuildFile; fileRef = 071CC4901DC6FB1D009D5C27 /* DGActivityIndicatorBallPulseAnimation.m */; };
		071CC4D11DC6FB1E009D5C27 /* DGActivityIndicatorBallPulseSyncAnimation.m in Sources */ = {isa = PBXBuildFile; fileRef = 071CC4921DC6FB1D009D5C27 /* DGActivityIndicatorBallPulseSyncAnimation.m */; };
		071CC4D21DC6FB1E009D5C27 /* DGActivityIndicatorBallRotateAnimation.m in Sources */ = {isa = PBXBuildFile; fileRef = 071CC4941DC6FB1D009D5C27 /* DGActivityIndicatorBallRotateAnimation.m */; };
		071CC4D31DC6FB1E009D5C27 /* DGActivityIndicatorBallScaleAnimation.m in Sources */ = {isa = PBXBuildFile; fileRef = 071CC4961DC6FB1D009D5C27 /* DGActivityIndicatorBallScaleAnimation.m */; };
		071CC4D41DC6FB1E009D5C27 /* DGActivityIndicatorBallScaleMultipleAnimation.m in Sources */ = {isa = PBXBuildFile; fileRef = 071CC4981DC6FB1D009D5C27 /* DGActivityIndicatorBallScaleMultipleAnimation.m */; };
		071CC4D51DC6FB1E009D5C27 /* DGActivityIndicatorBallScaleRippleAnimation.m in Sources */ = {isa = PBXBuildFile; fileRef = 071CC49A1DC6FB1D009D5C27 /* DGActivityIndicatorBallScaleRippleAnimation.m */; };
		071CC4D61DC6FB1E009D5C27 /* DGActivityIndicatorBallScaleRippleMultipleAnimation.m in Sources */ = {isa = PBXBuildFile; fileRef = 071CC49C1DC6FB1D009D5C27 /* DGActivityIndicatorBallScaleRippleMultipleAnimation.m */; };
		071CC4D71DC6FB1E009D5C27 /* DGActivityIndicatorBallSpinFadeLoader.m in Sources */ = {isa = PBXBuildFile; fileRef = 071CC49E1DC6FB1D009D5C27 /* DGActivityIndicatorBallSpinFadeLoader.m */; };
		071CC4D81DC6FB1E009D5C27 /* DGActivityIndicatorBallTrianglePathAnimation.m in Sources */ = {isa = PBXBuildFile; fileRef = 071CC4A01DC6FB1D009D5C27 /* DGActivityIndicatorBallTrianglePathAnimation.m */; };
		071CC4D91DC6FB1E009D5C27 /* DGActivityIndicatorBallZigZagAnimation.m in Sources */ = {isa = PBXBuildFile; fileRef = 071CC4A21DC6FB1D009D5C27 /* DGActivityIndicatorBallZigZagAnimation.m */; };
		071CC4DA1DC6FB1E009D5C27 /* DGActivityIndicatorBallZigZagDeflectAnimation.m in Sources */ = {isa = PBXBuildFile; fileRef = 071CC4A41DC6FB1D009D5C27 /* DGActivityIndicatorBallZigZagDeflectAnimation.m */; };
		071CC4DB1DC6FB1E009D5C27 /* DGActivityIndicatorCookieTerminatorAnimation.m in Sources */ = {isa = PBXBuildFile; fileRef = 071CC4A61DC6FB1D009D5C27 /* DGActivityIndicatorCookieTerminatorAnimation.m */; };
		071CC4DC1DC6FB1E009D5C27 /* DGActivityIndicatorDoubleBounceAnimation.m in Sources */ = {isa = PBXBuildFile; fileRef = 071CC4A81DC6FB1D009D5C27 /* DGActivityIndicatorDoubleBounceAnimation.m */; };
		071CC4DD1DC6FB1E009D5C27 /* DGActivityIndicatorFiveDotsAnimation.m in Sources */ = {isa = PBXBuildFile; fileRef = 071CC4AA1DC6FB1D009D5C27 /* DGActivityIndicatorFiveDotsAnimation.m */; };
		071CC4DE1DC6FB1E009D5C27 /* DGActivityIndicatorLineScaleAnimation.m in Sources */ = {isa = PBXBuildFile; fileRef = 071CC4AC1DC6FB1D009D5C27 /* DGActivityIndicatorLineScaleAnimation.m */; };
		071CC4DF1DC6FB1E009D5C27 /* DGActivityIndicatorLineScalePartyAnimation.m in Sources */ = {isa = PBXBuildFile; fileRef = 071CC4AE1DC6FB1D009D5C27 /* DGActivityIndicatorLineScalePartyAnimation.m */; };
		071CC4E01DC6FB1E009D5C27 /* DGActivityIndicatorLineScalePulseOutAnimation.m in Sources */ = {isa = PBXBuildFile; fileRef = 071CC4B01DC6FB1D009D5C27 /* DGActivityIndicatorLineScalePulseOutAnimation.m */; };
		071CC4E11DC6FB1E009D5C27 /* DGActivityIndicatorLineScalePulseOutRapidAnimation.m in Sources */ = {isa = PBXBuildFile; fileRef = 071CC4B21DC6FB1D009D5C27 /* DGActivityIndicatorLineScalePulseOutRapidAnimation.m */; };
		071CC4E21DC6FB1E009D5C27 /* DGActivityIndicatorNineDotsAnimation.m in Sources */ = {isa = PBXBuildFile; fileRef = 071CC4B41DC6FB1D009D5C27 /* DGActivityIndicatorNineDotsAnimation.m */; };
		071CC4E31DC6FB1E009D5C27 /* DGActivityIndicatorRotatingSandglassAnimation.m in Sources */ = {isa = PBXBuildFile; fileRef = 071CC4B61DC6FB1D009D5C27 /* DGActivityIndicatorRotatingSandglassAnimation.m */; };
		071CC4E41DC6FB1E009D5C27 /* DGActivityIndicatorRotatingSquaresAnimation.m in Sources */ = {isa = PBXBuildFile; fileRef = 071CC4B81DC6FB1D009D5C27 /* DGActivityIndicatorRotatingSquaresAnimation.m */; };
		071CC4E51DC6FB1E009D5C27 /* DGActivityIndicatorRotatingTrigonAnimation.m in Sources */ = {isa = PBXBuildFile; fileRef = 071CC4BA1DC6FB1D009D5C27 /* DGActivityIndicatorRotatingTrigonAnimation.m */; };
		071CC4E61DC6FB1E009D5C27 /* DGActivityIndicatorThreeDotsAnimation.m in Sources */ = {isa = PBXBuildFile; fileRef = 071CC4BC1DC6FB1D009D5C27 /* DGActivityIndicatorThreeDotsAnimation.m */; };
		071CC4E71DC6FB1E009D5C27 /* DGActivityIndicatorTriangleSkewSpinAnimation.m in Sources */ = {isa = PBXBuildFile; fileRef = 071CC4BE1DC6FB1D009D5C27 /* DGActivityIndicatorTriangleSkewSpinAnimation.m */; };
		071CC4E81DC6FB1E009D5C27 /* DGActivityIndicatorTriplePulseAnimation.m in Sources */ = {isa = PBXBuildFile; fileRef = 071CC4C01DC6FB1D009D5C27 /* DGActivityIndicatorTriplePulseAnimation.m */; };
		071CC4E91DC6FB1E009D5C27 /* DGActivityIndicatorTripleRingsAnimation.m in Sources */ = {isa = PBXBuildFile; fileRef = 071CC4C21DC6FB1D009D5C27 /* DGActivityIndicatorTripleRingsAnimation.m */; };
		071CC4EA1DC6FB1E009D5C27 /* DGActivityIndicatorTwoDotsAnimation.m in Sources */ = {isa = PBXBuildFile; fileRef = 071CC4C41DC6FB1D009D5C27 /* DGActivityIndicatorTwoDotsAnimation.m */; };
		071CC4EB1DC6FB1E009D5C27 /* DGActivityIndicatorView.m in Sources */ = {isa = PBXBuildFile; fileRef = 071CC4C71DC6FB1D009D5C27 /* DGActivityIndicatorView.m */; };
		071CC4EE1DC6FBDC009D5C27 /* ALLoadingView.swift in Sources */ = {isa = PBXBuildFile; fileRef = 071CC4ED1DC6FBDC009D5C27 /* ALLoadingView.swift */; };
		071CC4F11DC70610009D5C27 /* Color+CustomColor.swift in Sources */ = {isa = PBXBuildFile; fileRef = 071CC4F01DC70610009D5C27 /* Color+CustomColor.swift */; };
		071CC4F31DC71693009D5C27 /* ALHudView.swift in Sources */ = {isa = PBXBuildFile; fileRef = 071CC4F21DC71693009D5C27 /* ALHudView.swift */; };
		071CC4F51DC724AF009D5C27 /* ALLoadingCell.swift in Sources */ = {isa = PBXBuildFile; fileRef = 071CC4F41DC724AF009D5C27 /* ALLoadingCell.swift */; };
		071CC4FE1DC73BEB009D5C27 /* Font+CustomFont.swift in Sources */ = {isa = PBXBuildFile; fileRef = 071CC4FD1DC73BEB009D5C27 /* Font+CustomFont.swift */; };
		071CC5731DC75945009D5C27 /* Constants.swift in Sources */ = {isa = PBXBuildFile; fileRef = 071CC5721DC75945009D5C27 /* Constants.swift */; };
		071CC5751DC77C2F009D5C27 /* ALTextField.swift in Sources */ = {isa = PBXBuildFile; fileRef = 071CC5741DC77C2F009D5C27 /* ALTextField.swift */; };
		071CC5771DC79A70009D5C27 /* ALLabel.swift in Sources */ = {isa = PBXBuildFile; fileRef = 071CC5761DC79A70009D5C27 /* ALLabel.swift */; };
		071CC5791DC79C79009D5C27 /* ALInputTextView.swift in Sources */ = {isa = PBXBuildFile; fileRef = 071CC5781DC79C79009D5C27 /* ALInputTextView.swift */; };
		071CC57B1DC7A300009D5C27 /* ALImagePicker.swift in Sources */ = {isa = PBXBuildFile; fileRef = 071CC57A1DC7A300009D5C27 /* ALImagePicker.swift */; };
		071CC5891DC7D76E009D5C27 /* ProximaNova-Bold.otf in Resources */ = {isa = PBXBuildFile; fileRef = 071CC57F1DC7D76E009D5C27 /* ProximaNova-Bold.otf */; };
		071CC58A1DC7D76E009D5C27 /* ProximaNova-Light.otf in Resources */ = {isa = PBXBuildFile; fileRef = 071CC5801DC7D76E009D5C27 /* ProximaNova-Light.otf */; };
		071CC58B1DC7D76E009D5C27 /* ProximaNova-Regular.otf in Resources */ = {isa = PBXBuildFile; fileRef = 071CC5811DC7D76E009D5C27 /* ProximaNova-Regular.otf */; };
		071CC58C1DC7D76E009D5C27 /* ProximaNova-Semibold.otf in Resources */ = {isa = PBXBuildFile; fileRef = 071CC5821DC7D76E009D5C27 /* ProximaNova-Semibold.otf */; };
		071CC58D1DC7D76E009D5C27 /* Roboto-Black.ttf in Resources */ = {isa = PBXBuildFile; fileRef = 071CC5831DC7D76E009D5C27 /* Roboto-Black.ttf */; };
		071CC58E1DC7D76E009D5C27 /* Roboto-Bold.ttf in Resources */ = {isa = PBXBuildFile; fileRef = 071CC5841DC7D76E009D5C27 /* Roboto-Bold.ttf */; };
		071CC58F1DC7D76E009D5C27 /* Roboto-Light.ttf in Resources */ = {isa = PBXBuildFile; fileRef = 071CC5851DC7D76E009D5C27 /* Roboto-Light.ttf */; };
		071CC5901DC7D76E009D5C27 /* Roboto-Medium.ttf in Resources */ = {isa = PBXBuildFile; fileRef = 071CC5861DC7D76E009D5C27 /* Roboto-Medium.ttf */; };
		071CC5911DC7D76E009D5C27 /* Roboto-Regular.ttf in Resources */ = {isa = PBXBuildFile; fileRef = 071CC5871DC7D76E009D5C27 /* Roboto-Regular.ttf */; };
		071CC5921DC7D76E009D5C27 /* Roboto-Thin.ttf in Resources */ = {isa = PBXBuildFile; fileRef = 071CC5881DC7D76E009D5C27 /* Roboto-Thin.ttf */; };
		072669B11DC0B18F0068B7DD /* DecisionView.swift in Sources */ = {isa = PBXBuildFile; fileRef = 072669AB1DC0B18F0068B7DD /* DecisionView.swift */; };
		072669B21DC0B18F0068B7DD /* DecisionViewController.swift in Sources */ = {isa = PBXBuildFile; fileRef = 072669AC1DC0B18F0068B7DD /* DecisionViewController.swift */; };
		072669B31DC0B18F0068B7DD /* LoginView.swift in Sources */ = {isa = PBXBuildFile; fileRef = 072669AD1DC0B18F0068B7DD /* LoginView.swift */; };
		072669B41DC0B18F0068B7DD /* LoginViewController.swift in Sources */ = {isa = PBXBuildFile; fileRef = 072669AE1DC0B18F0068B7DD /* LoginViewController.swift */; };
		072669B51DC0B18F0068B7DD /* SignupView.swift in Sources */ = {isa = PBXBuildFile; fileRef = 072669AF1DC0B18F0068B7DD /* SignupView.swift */; };
		072669B61DC0B18F0068B7DD /* SignupViewController.swift in Sources */ = {isa = PBXBuildFile; fileRef = 072669B01DC0B18F0068B7DD /* SignupViewController.swift */; };
		072669B81DC0B5270068B7DD /* FLDataCenter.swift in Sources */ = {isa = PBXBuildFile; fileRef = 072669B71DC0B5270068B7DD /* FLDataCenter.swift */; };
		0764234A1DC6067D00EFC325 /* Data.swift in Sources */ = {isa = PBXBuildFile; fileRef = 076423481DC6067D00EFC325 /* Data.swift */; };
		0764234B1DC6067D00EFC325 /* FetchNotesResponse.swift in Sources */ = {isa = PBXBuildFile; fileRef = 076423491DC6067D00EFC325 /* FetchNotesResponse.swift */; };
		0764234D1DC60F1500EFC325 /* HomeCell.swift in Sources */ = {isa = PBXBuildFile; fileRef = 0764234C1DC60F1500EFC325 /* HomeCell.swift */; };
		077699C61EC3048A0043B80F /* .gitignore in Resources */ = {isa = PBXBuildFile; fileRef = 077699C51EC3048A0043B80F /* .gitignore */; };
		078C358B1DC37530007233A6 /* AddNotesViewController.swift in Sources */ = {isa = PBXBuildFile; fileRef = 078C358A1DC37530007233A6 /* AddNotesViewController.swift */; };
		078C358D1DC3754C007233A6 /* AddNotesView.swift in Sources */ = {isa = PBXBuildFile; fileRef = 078C358C1DC3754C007233A6 /* AddNotesView.swift */; };
		078C35901DC394FD007233A6 /* NotesActionsDataCenter.swift in Sources */ = {isa = PBXBuildFile; fileRef = 078C358F1DC394FD007233A6 /* NotesActionsDataCenter.swift */; };
		07CB145A1DC326D8007356BE /* SignInDataCenter.swift in Sources */ = {isa = PBXBuildFile; fileRef = 07CB14591DC326D8007356BE /* SignInDataCenter.swift */; };
		07CB145D1DC3271C007356BE /* SignUpDataCenter.swift in Sources */ = {isa = PBXBuildFile; fileRef = 07CB145C1DC3271C007356BE /* SignUpDataCenter.swift */; };
		07D973E81DC35F6500F810E1 /* BaseViewController.swift in Sources */ = {isa = PBXBuildFile; fileRef = 07D973E71DC35F6500F810E1 /* BaseViewController.swift */; };
		07D973EA1DC35F8500F810E1 /* BaseNavigationViewController.swift in Sources */ = {isa = PBXBuildFile; fileRef = 07D973E91DC35F8500F810E1 /* BaseNavigationViewController.swift */; };
		07D973EC1DC35F9900F810E1 /* BaseView.swift in Sources */ = {isa = PBXBuildFile; fileRef = 07D973EB1DC35F9900F810E1 /* BaseView.swift */; };
		07D973EE1DC3612700F810E1 /* HomeViewController.swift in Sources */ = {isa = PBXBuildFile; fileRef = 07D973ED1DC3612700F810E1 /* HomeViewController.swift */; };
		07D973F01DC3614300F810E1 /* HomeView.swift in Sources */ = {isa = PBXBuildFile; fileRef = 07D973EF1DC3614300F810E1 /* HomeView.swift */; };
		07E851381DC340BF0030C0E9 /* String+Validations.swift in Sources */ = {isa = PBXBuildFile; fileRef = 07E851371DC340BF0030C0E9 /* String+Validations.swift */; };
		07E8513A1DC344950030C0E9 /* ViewController+Alerts.swift in Sources */ = {isa = PBXBuildFile; fileRef = 07E851391DC344950030C0E9 /* ViewController+Alerts.swift */; };
		07FC6E1B1DBF490500A0632A /* AppDelegate.swift in Sources */ = {isa = PBXBuildFile; fileRef = 07FC6E1A1DBF490500A0632A /* AppDelegate.swift */; };
		07FC6E221DBF490500A0632A /* Assets.xcassets in Resources */ = {isa = PBXBuildFile; fileRef = 07FC6E211DBF490500A0632A /* Assets.xcassets */; };
		07FC6E251DBF490500A0632A /* LaunchScreen.storyboard in Resources */ = {isa = PBXBuildFile; fileRef = 07FC6E231DBF490500A0632A /* LaunchScreen.storyboard */; };
		9C56D79E0FF9D02D25A5E572 /* Pods_HelloSwift.framework in Frameworks */ = {isa = PBXBuildFile; fileRef = 4E6FFB5C0AB2CA300C7D7FE9 /* Pods_HelloSwift.framework */; };
/* End PBXBuildFile section */

/* Begin PBXFileReference section */
		0705BB371DC8910C00FA8AA9 /* OuterHotButton.swift */ = {isa = PBXFileReference; fileEncoding = 4; lastKnownFileType = sourcecode.swift; name = OuterHotButton.swift; path = Modules/NavigationBarManager/OuterHotButton.swift; sourceTree = "<group>"; };
		0715213A1DC8AD370098D042 /* BackNavigationButtonView.swift */ = {isa = PBXFileReference; fileEncoding = 4; lastKnownFileType = sourcecode.swift; name = BackNavigationButtonView.swift; path = Modules/NavigationBarManager/BackNavigationButtonView.swift; sourceTree = "<group>"; };
		0715213C1DC8D2CD0098D042 /* AVFoundation.framework */ = {isa = PBXFileReference; lastKnownFileType = wrapper.framework; name = AVFoundation.framework; path = System/Library/Frameworks/AVFoundation.framework; sourceTree = SDKROOT; };
		0716D35C1DD7324E00252A24 /* AttributedString+CustomFont.swift */ = {isa = PBXFileReference; fileEncoding = 4; lastKnownFileType = sourcecode.swift; name = "AttributedString+CustomFont.swift"; path = "Extensions/AttributedString+CustomFont.swift"; sourceTree = "<group>"; };
		0719951D1DC85C9C00F96E54 /* NavigationBarManager.swift */ = {isa = PBXFileReference; fileEncoding = 4; lastKnownFileType = sourcecode.swift; name = NavigationBarManager.swift; path = Modules/NavigationBarManager/NavigationBarManager.swift; sourceTree = "<group>"; };
		0719951F1DC85DDF00F96E54 /* BarButtonItemsFactory.swift */ = {isa = PBXFileReference; fileEncoding = 4; lastKnownFileType = sourcecode.swift; name = BarButtonItemsFactory.swift; path = Modules/NavigationBarManager/BarButtonItemsFactory.swift; sourceTree = "<group>"; };
		071995271DC87E5100F96E54 /* ComposeNotificationGroupBtnView.swift */ = {isa = PBXFileReference; fileEncoding = 4; lastKnownFileType = sourcecode.swift; name = ComposeNotificationGroupBtnView.swift; path = Modules/NavigationBarManager/NavigationItems/ComposeNotificationGroupBtnView.swift; sourceTree = "<group>"; };
		071CC47D1DC6FB1D009D5C27 /* DACircularProgressView.h */ = {isa = PBXFileReference; fileEncoding = 4; lastKnownFileType = sourcecode.c.h; path = DACircularProgressView.h; sourceTree = "<group>"; };
		071CC47E1DC6FB1D009D5C27 /* DACircularProgressView.m */ = {isa = PBXFileReference; fileEncoding = 4; lastKnownFileType = sourcecode.c.objc; path = DACircularProgressView.m; sourceTree = "<group>"; };
		071CC47F1DC6FB1D009D5C27 /* DALabeledCircularProgressView.h */ = {isa = PBXFileReference; fileEncoding = 4; lastKnownFileType = sourcecode.c.h; path = DALabeledCircularProgressView.h; sourceTree = "<group>"; };
		071CC4801DC6FB1D009D5C27 /* DALabeledCircularProgressView.m */ = {isa = PBXFileReference; fileEncoding = 4; lastKnownFileType = sourcecode.c.objc; path = DALabeledCircularProgressView.m; sourceTree = "<group>"; };
		071CC4831DC6FB1D009D5C27 /* DGActivityIndicatorBallBeatAnimation.h */ = {isa = PBXFileReference; fileEncoding = 4; lastKnownFileType = sourcecode.c.h; path = DGActivityIndicatorBallBeatAnimation.h; sourceTree = "<group>"; };
		071CC4841DC6FB1D009D5C27 /* DGActivityIndicatorBallBeatAnimation.m */ = {isa = PBXFileReference; fileEncoding = 4; lastKnownFileType = sourcecode.c.objc; path = DGActivityIndicatorBallBeatAnimation.m; sourceTree = "<group>"; };
		071CC4851DC6FB1D009D5C27 /* DGActivityIndicatorBallClipRotateAnimation.h */ = {isa = PBXFileReference; fileEncoding = 4; lastKnownFileType = sourcecode.c.h; path = DGActivityIndicatorBallClipRotateAnimation.h; sourceTree = "<group>"; };
		071CC4861DC6FB1D009D5C27 /* DGActivityIndicatorBallClipRotateAnimation.m */ = {isa = PBXFileReference; fileEncoding = 4; lastKnownFileType = sourcecode.c.objc; path = DGActivityIndicatorBallClipRotateAnimation.m; sourceTree = "<group>"; };
		071CC4871DC6FB1D009D5C27 /* DGActivityIndicatorBallClipRotateMultipleAnimation.h */ = {isa = PBXFileReference; fileEncoding = 4; lastKnownFileType = sourcecode.c.h; path = DGActivityIndicatorBallClipRotateMultipleAnimation.h; sourceTree = "<group>"; };
		071CC4881DC6FB1D009D5C27 /* DGActivityIndicatorBallClipRotateMultipleAnimation.m */ = {isa = PBXFileReference; fileEncoding = 4; lastKnownFileType = sourcecode.c.objc; path = DGActivityIndicatorBallClipRotateMultipleAnimation.m; sourceTree = "<group>"; };
		071CC4891DC6FB1D009D5C27 /* DGActivityIndicatorBallClipRotatePulseAnimation.h */ = {isa = PBXFileReference; fileEncoding = 4; lastKnownFileType = sourcecode.c.h; path = DGActivityIndicatorBallClipRotatePulseAnimation.h; sourceTree = "<group>"; };
		071CC48A1DC6FB1D009D5C27 /* DGActivityIndicatorBallClipRotatePulseAnimation.m */ = {isa = PBXFileReference; fileEncoding = 4; lastKnownFileType = sourcecode.c.objc; path = DGActivityIndicatorBallClipRotatePulseAnimation.m; sourceTree = "<group>"; };
		071CC48B1DC6FB1D009D5C27 /* DGActivityIndicatorBallGridBeatAnimation.h */ = {isa = PBXFileReference; fileEncoding = 4; lastKnownFileType = sourcecode.c.h; path = DGActivityIndicatorBallGridBeatAnimation.h; sourceTree = "<group>"; };
		071CC48C1DC6FB1D009D5C27 /* DGActivityIndicatorBallGridBeatAnimation.m */ = {isa = PBXFileReference; fileEncoding = 4; lastKnownFileType = sourcecode.c.objc; path = DGActivityIndicatorBallGridBeatAnimation.m; sourceTree = "<group>"; };
		071CC48D1DC6FB1D009D5C27 /* DGActivityIndicatorBallGridPulseAnimation.h */ = {isa = PBXFileReference; fileEncoding = 4; lastKnownFileType = sourcecode.c.h; path = DGActivityIndicatorBallGridPulseAnimation.h; sourceTree = "<group>"; };
		071CC48E1DC6FB1D009D5C27 /* DGActivityIndicatorBallGridPulseAnimation.m */ = {isa = PBXFileReference; fileEncoding = 4; lastKnownFileType = sourcecode.c.objc; path = DGActivityIndicatorBallGridPulseAnimation.m; sourceTree = "<group>"; };
		071CC48F1DC6FB1D009D5C27 /* DGActivityIndicatorBallPulseAnimation.h */ = {isa = PBXFileReference; fileEncoding = 4; lastKnownFileType = sourcecode.c.h; path = DGActivityIndicatorBallPulseAnimation.h; sourceTree = "<group>"; };
		071CC4901DC6FB1D009D5C27 /* DGActivityIndicatorBallPulseAnimation.m */ = {isa = PBXFileReference; fileEncoding = 4; lastKnownFileType = sourcecode.c.objc; path = DGActivityIndicatorBallPulseAnimation.m; sourceTree = "<group>"; };
		071CC4911DC6FB1D009D5C27 /* DGActivityIndicatorBallPulseSyncAnimation.h */ = {isa = PBXFileReference; fileEncoding = 4; lastKnownFileType = sourcecode.c.h; path = DGActivityIndicatorBallPulseSyncAnimation.h; sourceTree = "<group>"; };
		071CC4921DC6FB1D009D5C27 /* DGActivityIndicatorBallPulseSyncAnimation.m */ = {isa = PBXFileReference; fileEncoding = 4; lastKnownFileType = sourcecode.c.objc; path = DGActivityIndicatorBallPulseSyncAnimation.m; sourceTree = "<group>"; };
		071CC4931DC6FB1D009D5C27 /* DGActivityIndicatorBallRotateAnimation.h */ = {isa = PBXFileReference; fileEncoding = 4; lastKnownFileType = sourcecode.c.h; path = DGActivityIndicatorBallRotateAnimation.h; sourceTree = "<group>"; };
		071CC4941DC6FB1D009D5C27 /* DGActivityIndicatorBallRotateAnimation.m */ = {isa = PBXFileReference; fileEncoding = 4; lastKnownFileType = sourcecode.c.objc; path = DGActivityIndicatorBallRotateAnimation.m; sourceTree = "<group>"; };
		071CC4951DC6FB1D009D5C27 /* DGActivityIndicatorBallScaleAnimation.h */ = {isa = PBXFileReference; fileEncoding = 4; lastKnownFileType = sourcecode.c.h; path = DGActivityIndicatorBallScaleAnimation.h; sourceTree = "<group>"; };
		071CC4961DC6FB1D009D5C27 /* DGActivityIndicatorBallScaleAnimation.m */ = {isa = PBXFileReference; fileEncoding = 4; lastKnownFileType = sourcecode.c.objc; path = DGActivityIndicatorBallScaleAnimation.m; sourceTree = "<group>"; };
		071CC4971DC6FB1D009D5C27 /* DGActivityIndicatorBallScaleMultipleAnimation.h */ = {isa = PBXFileReference; fileEncoding = 4; lastKnownFileType = sourcecode.c.h; path = DGActivityIndicatorBallScaleMultipleAnimation.h; sourceTree = "<group>"; };
		071CC4981DC6FB1D009D5C27 /* DGActivityIndicatorBallScaleMultipleAnimation.m */ = {isa = PBXFileReference; fileEncoding = 4; lastKnownFileType = sourcecode.c.objc; path = DGActivityIndicatorBallScaleMultipleAnimation.m; sourceTree = "<group>"; };
		071CC4991DC6FB1D009D5C27 /* DGActivityIndicatorBallScaleRippleAnimation.h */ = {isa = PBXFileReference; fileEncoding = 4; lastKnownFileType = sourcecode.c.h; path = DGActivityIndicatorBallScaleRippleAnimation.h; sourceTree = "<group>"; };
		071CC49A1DC6FB1D009D5C27 /* DGActivityIndicatorBallScaleRippleAnimation.m */ = {isa = PBXFileReference; fileEncoding = 4; lastKnownFileType = sourcecode.c.objc; path = DGActivityIndicatorBallScaleRippleAnimation.m; sourceTree = "<group>"; };
		071CC49B1DC6FB1D009D5C27 /* DGActivityIndicatorBallScaleRippleMultipleAnimation.h */ = {isa = PBXFileReference; fileEncoding = 4; lastKnownFileType = sourcecode.c.h; path = DGActivityIndicatorBallScaleRippleMultipleAnimation.h; sourceTree = "<group>"; };
		071CC49C1DC6FB1D009D5C27 /* DGActivityIndicatorBallScaleRippleMultipleAnimation.m */ = {isa = PBXFileReference; fileEncoding = 4; lastKnownFileType = sourcecode.c.objc; path = DGActivityIndicatorBallScaleRippleMultipleAnimation.m; sourceTree = "<group>"; };
		071CC49D1DC6FB1D009D5C27 /* DGActivityIndicatorBallSpinFadeLoader.h */ = {isa = PBXFileReference; fileEncoding = 4; lastKnownFileType = sourcecode.c.h; path = DGActivityIndicatorBallSpinFadeLoader.h; sourceTree = "<group>"; };
		071CC49E1DC6FB1D009D5C27 /* DGActivityIndicatorBallSpinFadeLoader.m */ = {isa = PBXFileReference; fileEncoding = 4; lastKnownFileType = sourcecode.c.objc; path = DGActivityIndicatorBallSpinFadeLoader.m; sourceTree = "<group>"; };
		071CC49F1DC6FB1D009D5C27 /* DGActivityIndicatorBallTrianglePathAnimation.h */ = {isa = PBXFileReference; fileEncoding = 4; lastKnownFileType = sourcecode.c.h; path = DGActivityIndicatorBallTrianglePathAnimation.h; sourceTree = "<group>"; };
		071CC4A01DC6FB1D009D5C27 /* DGActivityIndicatorBallTrianglePathAnimation.m */ = {isa = PBXFileReference; fileEncoding = 4; lastKnownFileType = sourcecode.c.objc; path = DGActivityIndicatorBallTrianglePathAnimation.m; sourceTree = "<group>"; };
		071CC4A11DC6FB1D009D5C27 /* DGActivityIndicatorBallZigZagAnimation.h */ = {isa = PBXFileReference; fileEncoding = 4; lastKnownFileType = sourcecode.c.h; path = DGActivityIndicatorBallZigZagAnimation.h; sourceTree = "<group>"; };
		071CC4A21DC6FB1D009D5C27 /* DGActivityIndicatorBallZigZagAnimation.m */ = {isa = PBXFileReference; fileEncoding = 4; lastKnownFileType = sourcecode.c.objc; path = DGActivityIndicatorBallZigZagAnimation.m; sourceTree = "<group>"; };
		071CC4A31DC6FB1D009D5C27 /* DGActivityIndicatorBallZigZagDeflectAnimation.h */ = {isa = PBXFileReference; fileEncoding = 4; lastKnownFileType = sourcecode.c.h; path = DGActivityIndicatorBallZigZagDeflectAnimation.h; sourceTree = "<group>"; };
		071CC4A41DC6FB1D009D5C27 /* DGActivityIndicatorBallZigZagDeflectAnimation.m */ = {isa = PBXFileReference; fileEncoding = 4; lastKnownFileType = sourcecode.c.objc; path = DGActivityIndicatorBallZigZagDeflectAnimation.m; sourceTree = "<group>"; };
		071CC4A51DC6FB1D009D5C27 /* DGActivityIndicatorCookieTerminatorAnimation.h */ = {isa = PBXFileReference; fileEncoding = 4; lastKnownFileType = sourcecode.c.h; path = DGActivityIndicatorCookieTerminatorAnimation.h; sourceTree = "<group>"; };
		071CC4A61DC6FB1D009D5C27 /* DGActivityIndicatorCookieTerminatorAnimation.m */ = {isa = PBXFileReference; fileEncoding = 4; lastKnownFileType = sourcecode.c.objc; path = DGActivityIndicatorCookieTerminatorAnimation.m; sourceTree = "<group>"; };
		071CC4A71DC6FB1D009D5C27 /* DGActivityIndicatorDoubleBounceAnimation.h */ = {isa = PBXFileReference; fileEncoding = 4; lastKnownFileType = sourcecode.c.h; path = DGActivityIndicatorDoubleBounceAnimation.h; sourceTree = "<group>"; };
		071CC4A81DC6FB1D009D5C27 /* DGActivityIndicatorDoubleBounceAnimation.m */ = {isa = PBXFileReference; fileEncoding = 4; lastKnownFileType = sourcecode.c.objc; path = DGActivityIndicatorDoubleBounceAnimation.m; sourceTree = "<group>"; };
		071CC4A91DC6FB1D009D5C27 /* DGActivityIndicatorFiveDotsAnimation.h */ = {isa = PBXFileReference; fileEncoding = 4; lastKnownFileType = sourcecode.c.h; path = DGActivityIndicatorFiveDotsAnimation.h; sourceTree = "<group>"; };
		071CC4AA1DC6FB1D009D5C27 /* DGActivityIndicatorFiveDotsAnimation.m */ = {isa = PBXFileReference; fileEncoding = 4; lastKnownFileType = sourcecode.c.objc; path = DGActivityIndicatorFiveDotsAnimation.m; sourceTree = "<group>"; };
		071CC4AB1DC6FB1D009D5C27 /* DGActivityIndicatorLineScaleAnimation.h */ = {isa = PBXFileReference; fileEncoding = 4; lastKnownFileType = sourcecode.c.h; path = DGActivityIndicatorLineScaleAnimation.h; sourceTree = "<group>"; };
		071CC4AC1DC6FB1D009D5C27 /* DGActivityIndicatorLineScaleAnimation.m */ = {isa = PBXFileReference; fileEncoding = 4; lastKnownFileType = sourcecode.c.objc; path = DGActivityIndicatorLineScaleAnimation.m; sourceTree = "<group>"; };
		071CC4AD1DC6FB1D009D5C27 /* DGActivityIndicatorLineScalePartyAnimation.h */ = {isa = PBXFileReference; fileEncoding = 4; lastKnownFileType = sourcecode.c.h; path = DGActivityIndicatorLineScalePartyAnimation.h; sourceTree = "<group>"; };
		071CC4AE1DC6FB1D009D5C27 /* DGActivityIndicatorLineScalePartyAnimation.m */ = {isa = PBXFileReference; fileEncoding = 4; lastKnownFileType = sourcecode.c.objc; path = DGActivityIndicatorLineScalePartyAnimation.m; sourceTree = "<group>"; };
		071CC4AF1DC6FB1D009D5C27 /* DGActivityIndicatorLineScalePulseOutAnimation.h */ = {isa = PBXFileReference; fileEncoding = 4; lastKnownFileType = sourcecode.c.h; path = DGActivityIndicatorLineScalePulseOutAnimation.h; sourceTree = "<group>"; };
		071CC4B01DC6FB1D009D5C27 /* DGActivityIndicatorLineScalePulseOutAnimation.m */ = {isa = PBXFileReference; fileEncoding = 4; lastKnownFileType = sourcecode.c.objc; path = DGActivityIndicatorLineScalePulseOutAnimation.m; sourceTree = "<group>"; };
		071CC4B11DC6FB1D009D5C27 /* DGActivityIndicatorLineScalePulseOutRapidAnimation.h */ = {isa = PBXFileReference; fileEncoding = 4; lastKnownFileType = sourcecode.c.h; path = DGActivityIndicatorLineScalePulseOutRapidAnimation.h; sourceTree = "<group>"; };
		071CC4B21DC6FB1D009D5C27 /* DGActivityIndicatorLineScalePulseOutRapidAnimation.m */ = {isa = PBXFileReference; fileEncoding = 4; lastKnownFileType = sourcecode.c.objc; path = DGActivityIndicatorLineScalePulseOutRapidAnimation.m; sourceTree = "<group>"; };
		071CC4B31DC6FB1D009D5C27 /* DGActivityIndicatorNineDotsAnimation.h */ = {isa = PBXFileReference; fileEncoding = 4; lastKnownFileType = sourcecode.c.h; path = DGActivityIndicatorNineDotsAnimation.h; sourceTree = "<group>"; };
		071CC4B41DC6FB1D009D5C27 /* DGActivityIndicatorNineDotsAnimation.m */ = {isa = PBXFileReference; fileEncoding = 4; lastKnownFileType = sourcecode.c.objc; path = DGActivityIndicatorNineDotsAnimation.m; sourceTree = "<group>"; };
		071CC4B51DC6FB1D009D5C27 /* DGActivityIndicatorRotatingSandglassAnimation.h */ = {isa = PBXFileReference; fileEncoding = 4; lastKnownFileType = sourcecode.c.h; path = DGActivityIndicatorRotatingSandglassAnimation.h; sourceTree = "<group>"; };
		071CC4B61DC6FB1D009D5C27 /* DGActivityIndicatorRotatingSandglassAnimation.m */ = {isa = PBXFileReference; fileEncoding = 4; lastKnownFileType = sourcecode.c.objc; path = DGActivityIndicatorRotatingSandglassAnimation.m; sourceTree = "<group>"; };
		071CC4B71DC6FB1D009D5C27 /* DGActivityIndicatorRotatingSquaresAnimation.h */ = {isa = PBXFileReference; fileEncoding = 4; lastKnownFileType = sourcecode.c.h; path = DGActivityIndicatorRotatingSquaresAnimation.h; sourceTree = "<group>"; };
		071CC4B81DC6FB1D009D5C27 /* DGActivityIndicatorRotatingSquaresAnimation.m */ = {isa = PBXFileReference; fileEncoding = 4; lastKnownFileType = sourcecode.c.objc; path = DGActivityIndicatorRotatingSquaresAnimation.m; sourceTree = "<group>"; };
		071CC4B91DC6FB1D009D5C27 /* DGActivityIndicatorRotatingTrigonAnimation.h */ = {isa = PBXFileReference; fileEncoding = 4; lastKnownFileType = sourcecode.c.h; path = DGActivityIndicatorRotatingTrigonAnimation.h; sourceTree = "<group>"; };
		071CC4BA1DC6FB1D009D5C27 /* DGActivityIndicatorRotatingTrigonAnimation.m */ = {isa = PBXFileReference; fileEncoding = 4; lastKnownFileType = sourcecode.c.objc; path = DGActivityIndicatorRotatingTrigonAnimation.m; sourceTree = "<group>"; };
		071CC4BB1DC6FB1D009D5C27 /* DGActivityIndicatorThreeDotsAnimation.h */ = {isa = PBXFileReference; fileEncoding = 4; lastKnownFileType = sourcecode.c.h; path = DGActivityIndicatorThreeDotsAnimation.h; sourceTree = "<group>"; };
		071CC4BC1DC6FB1D009D5C27 /* DGActivityIndicatorThreeDotsAnimation.m */ = {isa = PBXFileReference; fileEncoding = 4; lastKnownFileType = sourcecode.c.objc; path = DGActivityIndicatorThreeDotsAnimation.m; sourceTree = "<group>"; };
		071CC4BD1DC6FB1D009D5C27 /* DGActivityIndicatorTriangleSkewSpinAnimation.h */ = {isa = PBXFileReference; fileEncoding = 4; lastKnownFileType = sourcecode.c.h; path = DGActivityIndicatorTriangleSkewSpinAnimation.h; sourceTree = "<group>"; };
		071CC4BE1DC6FB1D009D5C27 /* DGActivityIndicatorTriangleSkewSpinAnimation.m */ = {isa = PBXFileReference; fileEncoding = 4; lastKnownFileType = sourcecode.c.objc; path = DGActivityIndicatorTriangleSkewSpinAnimation.m; sourceTree = "<group>"; };
		071CC4BF1DC6FB1D009D5C27 /* DGActivityIndicatorTriplePulseAnimation.h */ = {isa = PBXFileReference; fileEncoding = 4; lastKnownFileType = sourcecode.c.h; path = DGActivityIndicatorTriplePulseAnimation.h; sourceTree = "<group>"; };
		071CC4C01DC6FB1D009D5C27 /* DGActivityIndicatorTriplePulseAnimation.m */ = {isa = PBXFileReference; fileEncoding = 4; lastKnownFileType = sourcecode.c.objc; path = DGActivityIndicatorTriplePulseAnimation.m; sourceTree = "<group>"; };
		071CC4C11DC6FB1D009D5C27 /* DGActivityIndicatorTripleRingsAnimation.h */ = {isa = PBXFileReference; fileEncoding = 4; lastKnownFileType = sourcecode.c.h; path = DGActivityIndicatorTripleRingsAnimation.h; sourceTree = "<group>"; };
		071CC4C21DC6FB1D009D5C27 /* DGActivityIndicatorTripleRingsAnimation.m */ = {isa = PBXFileReference; fileEncoding = 4; lastKnownFileType = sourcecode.c.objc; path = DGActivityIndicatorTripleRingsAnimation.m; sourceTree = "<group>"; };
		071CC4C31DC6FB1D009D5C27 /* DGActivityIndicatorTwoDotsAnimation.h */ = {isa = PBXFileReference; fileEncoding = 4; lastKnownFileType = sourcecode.c.h; path = DGActivityIndicatorTwoDotsAnimation.h; sourceTree = "<group>"; };
		071CC4C41DC6FB1D009D5C27 /* DGActivityIndicatorTwoDotsAnimation.m */ = {isa = PBXFileReference; fileEncoding = 4; lastKnownFileType = sourcecode.c.objc; path = DGActivityIndicatorTwoDotsAnimation.m; sourceTree = "<group>"; };
		071CC4C51DC6FB1D009D5C27 /* DGActivityIndicatorAnimationProtocol.h */ = {isa = PBXFileReference; fileEncoding = 4; lastKnownFileType = sourcecode.c.h; path = DGActivityIndicatorAnimationProtocol.h; sourceTree = "<group>"; };
		071CC4C61DC6FB1D009D5C27 /* DGActivityIndicatorView.h */ = {isa = PBXFileReference; fileEncoding = 4; lastKnownFileType = sourcecode.c.h; path = DGActivityIndicatorView.h; sourceTree = "<group>"; };
		071CC4C71DC6FB1D009D5C27 /* DGActivityIndicatorView.m */ = {isa = PBXFileReference; fileEncoding = 4; lastKnownFileType = sourcecode.c.objc; path = DGActivityIndicatorView.m; sourceTree = "<group>"; };
		071CC4ED1DC6FBDC009D5C27 /* ALLoadingView.swift */ = {isa = PBXFileReference; fileEncoding = 4; lastKnownFileType = sourcecode.swift; name = ALLoadingView.swift; path = Modules/UIComponents/ALLoadingView.swift; sourceTree = "<group>"; };
		071CC4F01DC70610009D5C27 /* Color+CustomColor.swift */ = {isa = PBXFileReference; fileEncoding = 4; lastKnownFileType = sourcecode.swift; name = "Color+CustomColor.swift"; path = "Extensions/Color+CustomColor.swift"; sourceTree = "<group>"; };
		071CC4F21DC71693009D5C27 /* ALHudView.swift */ = {isa = PBXFileReference; fileEncoding = 4; lastKnownFileType = sourcecode.swift; name = ALHudView.swift; path = Modules/UIComponents/ALHudView.swift; sourceTree = "<group>"; };
		071CC4F41DC724AF009D5C27 /* ALLoadingCell.swift */ = {isa = PBXFileReference; fileEncoding = 4; lastKnownFileType = sourcecode.swift; name = ALLoadingCell.swift; path = Modules/UIComponents/ALLoadingCell.swift; sourceTree = "<group>"; };
		071CC4FD1DC73BEB009D5C27 /* Font+CustomFont.swift */ = {isa = PBXFileReference; fileEncoding = 4; lastKnownFileType = sourcecode.swift; name = "Font+CustomFont.swift"; path = "Extensions/Font+CustomFont.swift"; sourceTree = "<group>"; };
		071CC5721DC75945009D5C27 /* Constants.swift */ = {isa = PBXFileReference; fileEncoding = 4; lastKnownFileType = sourcecode.swift; name = Constants.swift; path = Modules/Helper/Constants.swift; sourceTree = "<group>"; };
		071CC5741DC77C2F009D5C27 /* ALTextField.swift */ = {isa = PBXFileReference; fileEncoding = 4; lastKnownFileType = sourcecode.swift; name = ALTextField.swift; path = Modules/UIComponents/ALTextField.swift; sourceTree = "<group>"; };
		071CC5761DC79A70009D5C27 /* ALLabel.swift */ = {isa = PBXFileReference; fileEncoding = 4; lastKnownFileType = sourcecode.swift; name = ALLabel.swift; path = Modules/UIComponents/ALLabel.swift; sourceTree = "<group>"; };
		071CC5781DC79C79009D5C27 /* ALInputTextView.swift */ = {isa = PBXFileReference; fileEncoding = 4; lastKnownFileType = sourcecode.swift; name = ALInputTextView.swift; path = Modules/UIComponents/ALInputTextView.swift; sourceTree = "<group>"; };
		071CC57A1DC7A300009D5C27 /* ALImagePicker.swift */ = {isa = PBXFileReference; fileEncoding = 4; lastKnownFileType = sourcecode.swift; name = ALImagePicker.swift; path = Modules/UIComponents/ALImagePicker.swift; sourceTree = "<group>"; };
		071CC57F1DC7D76E009D5C27 /* ProximaNova-Bold.otf */ = {isa = PBXFileReference; lastKnownFileType = file; path = "ProximaNova-Bold.otf"; sourceTree = "<group>"; };
		071CC5801DC7D76E009D5C27 /* ProximaNova-Light.otf */ = {isa = PBXFileReference; lastKnownFileType = file; path = "ProximaNova-Light.otf"; sourceTree = "<group>"; };
		071CC5811DC7D76E009D5C27 /* ProximaNova-Regular.otf */ = {isa = PBXFileReference; lastKnownFileType = file; path = "ProximaNova-Regular.otf"; sourceTree = "<group>"; };
		071CC5821DC7D76E009D5C27 /* ProximaNova-Semibold.otf */ = {isa = PBXFileReference; lastKnownFileType = file; path = "ProximaNova-Semibold.otf"; sourceTree = "<group>"; };
		071CC5831DC7D76E009D5C27 /* Roboto-Black.ttf */ = {isa = PBXFileReference; lastKnownFileType = file; path = "Roboto-Black.ttf"; sourceTree = "<group>"; };
		071CC5841DC7D76E009D5C27 /* Roboto-Bold.ttf */ = {isa = PBXFileReference; lastKnownFileType = file; path = "Roboto-Bold.ttf"; sourceTree = "<group>"; };
		071CC5851DC7D76E009D5C27 /* Roboto-Light.ttf */ = {isa = PBXFileReference; lastKnownFileType = file; path = "Roboto-Light.ttf"; sourceTree = "<group>"; };
		071CC5861DC7D76E009D5C27 /* Roboto-Medium.ttf */ = {isa = PBXFileReference; lastKnownFileType = file; path = "Roboto-Medium.ttf"; sourceTree = "<group>"; };
		071CC5871DC7D76E009D5C27 /* Roboto-Regular.ttf */ = {isa = PBXFileReference; lastKnownFileType = file; path = "Roboto-Regular.ttf"; sourceTree = "<group>"; };
		071CC5881DC7D76E009D5C27 /* Roboto-Thin.ttf */ = {isa = PBXFileReference; lastKnownFileType = file; path = "Roboto-Thin.ttf"; sourceTree = "<group>"; };
		072669AB1DC0B18F0068B7DD /* DecisionView.swift */ = {isa = PBXFileReference; fileEncoding = 4; lastKnownFileType = sourcecode.swift; name = DecisionView.swift; path = Screens/DecisionView.swift; sourceTree = "<group>"; };
		072669AC1DC0B18F0068B7DD /* DecisionViewController.swift */ = {isa = PBXFileReference; fileEncoding = 4; lastKnownFileType = sourcecode.swift; name = DecisionViewController.swift; path = Screens/DecisionViewController.swift; sourceTree = "<group>"; };
		072669AD1DC0B18F0068B7DD /* LoginView.swift */ = {isa = PBXFileReference; fileEncoding = 4; lastKnownFileType = sourcecode.swift; name = LoginView.swift; path = Screens/LoginView.swift; sourceTree = "<group>"; };
		072669AE1DC0B18F0068B7DD /* LoginViewController.swift */ = {isa = PBXFileReference; fileEncoding = 4; lastKnownFileType = sourcecode.swift; name = LoginViewController.swift; path = Screens/LoginViewController.swift; sourceTree = "<group>"; };
		072669AF1DC0B18F0068B7DD /* SignupView.swift */ = {isa = PBXFileReference; fileEncoding = 4; lastKnownFileType = sourcecode.swift; name = SignupView.swift; path = Screens/SignupView.swift; sourceTree = "<group>"; };
		072669B01DC0B18F0068B7DD /* SignupViewController.swift */ = {isa = PBXFileReference; fileEncoding = 4; lastKnownFileType = sourcecode.swift; name = SignupViewController.swift; path = Screens/SignupViewController.swift; sourceTree = "<group>"; };
		072669B71DC0B5270068B7DD /* FLDataCenter.swift */ = {isa = PBXFileReference; fileEncoding = 4; lastKnownFileType = sourcecode.swift; name = FLDataCenter.swift; path = DataCenter/FLDataCenter.swift; sourceTree = "<group>"; };
		076423481DC6067D00EFC325 /* Data.swift */ = {isa = PBXFileReference; fileEncoding = 4; lastKnownFileType = sourcecode.swift; name = Data.swift; path = DataCenter/Models/Data.swift; sourceTree = "<group>"; };
		076423491DC6067D00EFC325 /* FetchNotesResponse.swift */ = {isa = PBXFileReference; fileEncoding = 4; lastKnownFileType = sourcecode.swift; name = FetchNotesResponse.swift; path = DataCenter/Models/FetchNotesResponse.swift; sourceTree = "<group>"; };
		0764234C1DC60F1500EFC325 /* HomeCell.swift */ = {isa = PBXFileReference; fileEncoding = 4; lastKnownFileType = sourcecode.swift; name = HomeCell.swift; path = Screens/HomeCell.swift; sourceTree = "<group>"; };
		077699C51EC3048A0043B80F /* .gitignore */ = {isa = PBXFileReference; fileEncoding = 4; lastKnownFileType = text; path = .gitignore; sourceTree = "<group>"; };
		078C358A1DC37530007233A6 /* AddNotesViewController.swift */ = {isa = PBXFileReference; fileEncoding = 4; lastKnownFileType = sourcecode.swift; name = AddNotesViewController.swift; path = Screens/AddNotesViewController.swift; sourceTree = "<group>"; };
		078C358C1DC3754C007233A6 /* AddNotesView.swift */ = {isa = PBXFileReference; fileEncoding = 4; lastKnownFileType = sourcecode.swift; name = AddNotesView.swift; path = Screens/AddNotesView.swift; sourceTree = "<group>"; };
		078C358F1DC394FD007233A6 /* NotesActionsDataCenter.swift */ = {isa = PBXFileReference; fileEncoding = 4; lastKnownFileType = sourcecode.swift; name = NotesActionsDataCenter.swift; path = DataCenter/Notes/NotesActionsDataCenter.swift; sourceTree = "<group>"; };
		07CB14561DC2A4C4007356BE /* HelloSwift-Bridging-Header.h */ = {isa = PBXFileReference; fileEncoding = 4; lastKnownFileType = sourcecode.c.h; path = "HelloSwift-Bridging-Header.h"; sourceTree = "<group>"; };
		07CB14591DC326D8007356BE /* SignInDataCenter.swift */ = {isa = PBXFileReference; fileEncoding = 4; lastKnownFileType = sourcecode.swift; name = SignInDataCenter.swift; path = DataCenter/SignIn/SignInDataCenter.swift; sourceTree = "<group>"; };
		07CB145C1DC3271C007356BE /* SignUpDataCenter.swift */ = {isa = PBXFileReference; fileEncoding = 4; lastKnownFileType = sourcecode.swift; name = SignUpDataCenter.swift; path = DataCenter/SignUp/SignUpDataCenter.swift; sourceTree = "<group>"; };
		07D973E71DC35F6500F810E1 /* BaseViewController.swift */ = {isa = PBXFileReference; fileEncoding = 4; lastKnownFileType = sourcecode.swift; name = BaseViewController.swift; path = Modules/Base/BaseViewController.swift; sourceTree = "<group>"; };
		07D973E91DC35F8500F810E1 /* BaseNavigationViewController.swift */ = {isa = PBXFileReference; fileEncoding = 4; lastKnownFileType = sourcecode.swift; name = BaseNavigationViewController.swift; path = Modules/Base/BaseNavigationViewController.swift; sourceTree = "<group>"; };
		07D973EB1DC35F9900F810E1 /* BaseView.swift */ = {isa = PBXFileReference; fileEncoding = 4; lastKnownFileType = sourcecode.swift; name = BaseView.swift; path = Modules/Base/BaseView.swift; sourceTree = "<group>"; };
		07D973ED1DC3612700F810E1 /* HomeViewController.swift */ = {isa = PBXFileReference; fileEncoding = 4; lastKnownFileType = sourcecode.swift; name = HomeViewController.swift; path = Screens/HomeViewController.swift; sourceTree = "<group>"; };
		07D973EF1DC3614300F810E1 /* HomeView.swift */ = {isa = PBXFileReference; fileEncoding = 4; lastKnownFileType = sourcecode.swift; name = HomeView.swift; path = Screens/HomeView.swift; sourceTree = "<group>"; };
		07E851371DC340BF0030C0E9 /* String+Validations.swift */ = {isa = PBXFileReference; fileEncoding = 4; lastKnownFileType = sourcecode.swift; name = "String+Validations.swift"; path = "Extensions/String+Validations.swift"; sourceTree = "<group>"; };
		07E851391DC344950030C0E9 /* ViewController+Alerts.swift */ = {isa = PBXFileReference; fileEncoding = 4; lastKnownFileType = sourcecode.swift; name = "ViewController+Alerts.swift"; path = "Extensions/ViewController+Alerts.swift"; sourceTree = "<group>"; };
		07FC6E171DBF490500A0632A /* HelloSwift.app */ = {isa = PBXFileReference; explicitFileType = wrapper.application; includeInIndex = 0; path = HelloSwift.app; sourceTree = BUILT_PRODUCTS_DIR; };
		07FC6E1A1DBF490500A0632A /* AppDelegate.swift */ = {isa = PBXFileReference; lastKnownFileType = sourcecode.swift; path = AppDelegate.swift; sourceTree = "<group>"; };
		07FC6E211DBF490500A0632A /* Assets.xcassets */ = {isa = PBXFileReference; lastKnownFileType = folder.assetcatalog; path = Assets.xcassets; sourceTree = "<group>"; };
		07FC6E241DBF490500A0632A /* Base */ = {isa = PBXFileReference; lastKnownFileType = file.storyboard; name = Base; path = Base.lproj/LaunchScreen.storyboard; sourceTree = "<group>"; };
		07FC6E261DBF490500A0632A /* Info.plist */ = {isa = PBXFileReference; lastKnownFileType = text.plist.xml; path = Info.plist; sourceTree = "<group>"; };
		4E6FFB5C0AB2CA300C7D7FE9 /* Pods_HelloSwift.framework */ = {isa = PBXFileReference; explicitFileType = wrapper.framework; includeInIndex = 0; path = Pods_HelloSwift.framework; sourceTree = BUILT_PRODUCTS_DIR; };
		5D7BC6707B32C8427D689EEA /* Pods-HelloSwift.release.xcconfig */ = {isa = PBXFileReference; includeInIndex = 1; lastKnownFileType = text.xcconfig; name = "Pods-HelloSwift.release.xcconfig"; path = "Pods/Target Support Files/Pods-HelloSwift/Pods-HelloSwift.release.xcconfig"; sourceTree = "<group>"; };
		A825E68692AB91C59D9173E8 /* Pods-HelloSwift.debug.xcconfig */ = {isa = PBXFileReference; includeInIndex = 1; lastKnownFileType = text.xcconfig; name = "Pods-HelloSwift.debug.xcconfig"; path = "Pods/Target Support Files/Pods-HelloSwift/Pods-HelloSwift.debug.xcconfig"; sourceTree = "<group>"; };
/* End PBXFileReference section */

/* Begin PBXFrameworksBuildPhase section */
		07FC6E141DBF490500A0632A /* Frameworks */ = {
			isa = PBXFrameworksBuildPhase;
			buildActionMask = 2147483647;
			files = (
				0715213D1DC8D2CD0098D042 /* AVFoundation.framework in Frameworks */,
				9C56D79E0FF9D02D25A5E572 /* Pods_HelloSwift.framework in Frameworks */,
			);
			runOnlyForDeploymentPostprocessing = 0;
		};
/* End PBXFrameworksBuildPhase section */

/* Begin PBXGroup section */
		0719951C1DC85C4800F96E54 /* NavigationBarManager */ = {
			isa = PBXGroup;
			children = (
				071995261DC87E2500F96E54 /* NavigationItems */,
				0719951D1DC85C9C00F96E54 /* NavigationBarManager.swift */,
				0719951F1DC85DDF00F96E54 /* BarButtonItemsFactory.swift */,
				0705BB371DC8910C00FA8AA9 /* OuterHotButton.swift */,
				0715213A1DC8AD370098D042 /* BackNavigationButtonView.swift */,
			);
			name = NavigationBarManager;
			sourceTree = "<group>";
		};
		071995261DC87E2500F96E54 /* NavigationItems */ = {
			isa = PBXGroup;
			children = (
				071995271DC87E5100F96E54 /* ComposeNotificationGroupBtnView.swift */,
			);
			name = NavigationItems;
			sourceTree = "<group>";
		};
		071CC47B1DC6FAC3009D5C27 /* External */ = {
			isa = PBXGroup;
			children = (
				071CC47C1DC6FB1D009D5C27 /* DACircularProgress */,
				071CC4811DC6FB1D009D5C27 /* DGActivityIndicatorView */,
			);
			name = External;
			sourceTree = "<group>";
		};
		071CC47C1DC6FB1D009D5C27 /* DACircularProgress */ = {
			isa = PBXGroup;
			children = (
				071CC47D1DC6FB1D009D5C27 /* DACircularProgressView.h */,
				071CC47E1DC6FB1D009D5C27 /* DACircularProgressView.m */,
				071CC47F1DC6FB1D009D5C27 /* DALabeledCircularProgressView.h */,
				071CC4801DC6FB1D009D5C27 /* DALabeledCircularProgressView.m */,
			);
			name = DACircularProgress;
			path = External/DACircularProgress;
			sourceTree = "<group>";
		};
		071CC4811DC6FB1D009D5C27 /* DGActivityIndicatorView */ = {
			isa = PBXGroup;
			children = (
				071CC4821DC6FB1D009D5C27 /* Animations */,
				071CC4C51DC6FB1D009D5C27 /* DGActivityIndicatorAnimationProtocol.h */,
				071CC4C61DC6FB1D009D5C27 /* DGActivityIndicatorView.h */,
				071CC4C71DC6FB1D009D5C27 /* DGActivityIndicatorView.m */,
			);
			name = DGActivityIndicatorView;
			path = External/DGActivityIndicatorView;
			sourceTree = "<group>";
		};
		071CC4821DC6FB1D009D5C27 /* Animations */ = {
			isa = PBXGroup;
			children = (
				071CC4831DC6FB1D009D5C27 /* DGActivityIndicatorBallBeatAnimation.h */,
				071CC4841DC6FB1D009D5C27 /* DGActivityIndicatorBallBeatAnimation.m */,
				071CC4851DC6FB1D009D5C27 /* DGActivityIndicatorBallClipRotateAnimation.h */,
				071CC4861DC6FB1D009D5C27 /* DGActivityIndicatorBallClipRotateAnimation.m */,
				071CC4871DC6FB1D009D5C27 /* DGActivityIndicatorBallClipRotateMultipleAnimation.h */,
				071CC4881DC6FB1D009D5C27 /* DGActivityIndicatorBallClipRotateMultipleAnimation.m */,
				071CC4891DC6FB1D009D5C27 /* DGActivityIndicatorBallClipRotatePulseAnimation.h */,
				071CC48A1DC6FB1D009D5C27 /* DGActivityIndicatorBallClipRotatePulseAnimation.m */,
				071CC48B1DC6FB1D009D5C27 /* DGActivityIndicatorBallGridBeatAnimation.h */,
				071CC48C1DC6FB1D009D5C27 /* DGActivityIndicatorBallGridBeatAnimation.m */,
				071CC48D1DC6FB1D009D5C27 /* DGActivityIndicatorBallGridPulseAnimation.h */,
				071CC48E1DC6FB1D009D5C27 /* DGActivityIndicatorBallGridPulseAnimation.m */,
				071CC48F1DC6FB1D009D5C27 /* DGActivityIndicatorBallPulseAnimation.h */,
				071CC4901DC6FB1D009D5C27 /* DGActivityIndicatorBallPulseAnimation.m */,
				071CC4911DC6FB1D009D5C27 /* DGActivityIndicatorBallPulseSyncAnimation.h */,
				071CC4921DC6FB1D009D5C27 /* DGActivityIndicatorBallPulseSyncAnimation.m */,
				071CC4931DC6FB1D009D5C27 /* DGActivityIndicatorBallRotateAnimation.h */,
				071CC4941DC6FB1D009D5C27 /* DGActivityIndicatorBallRotateAnimation.m */,
				071CC4951DC6FB1D009D5C27 /* DGActivityIndicatorBallScaleAnimation.h */,
				071CC4961DC6FB1D009D5C27 /* DGActivityIndicatorBallScaleAnimation.m */,
				071CC4971DC6FB1D009D5C27 /* DGActivityIndicatorBallScaleMultipleAnimation.h */,
				071CC4981DC6FB1D009D5C27 /* DGActivityIndicatorBallScaleMultipleAnimation.m */,
				071CC4991DC6FB1D009D5C27 /* DGActivityIndicatorBallScaleRippleAnimation.h */,
				071CC49A1DC6FB1D009D5C27 /* DGActivityIndicatorBallScaleRippleAnimation.m */,
				071CC49B1DC6FB1D009D5C27 /* DGActivityIndicatorBallScaleRippleMultipleAnimation.h */,
				071CC49C1DC6FB1D009D5C27 /* DGActivityIndicatorBallScaleRippleMultipleAnimation.m */,
				071CC49D1DC6FB1D009D5C27 /* DGActivityIndicatorBallSpinFadeLoader.h */,
				071CC49E1DC6FB1D009D5C27 /* DGActivityIndicatorBallSpinFadeLoader.m */,
				071CC49F1DC6FB1D009D5C27 /* DGActivityIndicatorBallTrianglePathAnimation.h */,
				071CC4A01DC6FB1D009D5C27 /* DGActivityIndicatorBallTrianglePathAnimation.m */,
				071CC4A11DC6FB1D009D5C27 /* DGActivityIndicatorBallZigZagAnimation.h */,
				071CC4A21DC6FB1D009D5C27 /* DGActivityIndicatorBallZigZagAnimation.m */,
				071CC4A31DC6FB1D009D5C27 /* DGActivityIndicatorBallZigZagDeflectAnimation.h */,
				071CC4A41DC6FB1D009D5C27 /* DGActivityIndicatorBallZigZagDeflectAnimation.m */,
				071CC4A51DC6FB1D009D5C27 /* DGActivityIndicatorCookieTerminatorAnimation.h */,
				071CC4A61DC6FB1D009D5C27 /* DGActivityIndicatorCookieTerminatorAnimation.m */,
				071CC4A71DC6FB1D009D5C27 /* DGActivityIndicatorDoubleBounceAnimation.h */,
				071CC4A81DC6FB1D009D5C27 /* DGActivityIndicatorDoubleBounceAnimation.m */,
				071CC4A91DC6FB1D009D5C27 /* DGActivityIndicatorFiveDotsAnimation.h */,
				071CC4AA1DC6FB1D009D5C27 /* DGActivityIndicatorFiveDotsAnimation.m */,
				071CC4AB1DC6FB1D009D5C27 /* DGActivityIndicatorLineScaleAnimation.h */,
				071CC4AC1DC6FB1D009D5C27 /* DGActivityIndicatorLineScaleAnimation.m */,
				071CC4AD1DC6FB1D009D5C27 /* DGActivityIndicatorLineScalePartyAnimation.h */,
				071CC4AE1DC6FB1D009D5C27 /* DGActivityIndicatorLineScalePartyAnimation.m */,
				071CC4AF1DC6FB1D009D5C27 /* DGActivityIndicatorLineScalePulseOutAnimation.h */,
				071CC4B01DC6FB1D009D5C27 /* DGActivityIndicatorLineScalePulseOutAnimation.m */,
				071CC4B11DC6FB1D009D5C27 /* DGActivityIndicatorLineScalePulseOutRapidAnimation.h */,
				071CC4B21DC6FB1D009D5C27 /* DGActivityIndicatorLineScalePulseOutRapidAnimation.m */,
				071CC4B31DC6FB1D009D5C27 /* DGActivityIndicatorNineDotsAnimation.h */,
				071CC4B41DC6FB1D009D5C27 /* DGActivityIndicatorNineDotsAnimation.m */,
				071CC4B51DC6FB1D009D5C27 /* DGActivityIndicatorRotatingSandglassAnimation.h */,
				071CC4B61DC6FB1D009D5C27 /* DGActivityIndicatorRotatingSandglassAnimation.m */,
				071CC4B71DC6FB1D009D5C27 /* DGActivityIndicatorRotatingSquaresAnimation.h */,
				071CC4B81DC6FB1D009D5C27 /* DGActivityIndicatorRotatingSquaresAnimation.m */,
				071CC4B91DC6FB1D009D5C27 /* DGActivityIndicatorRotatingTrigonAnimation.h */,
				071CC4BA1DC6FB1D009D5C27 /* DGActivityIndicatorRotatingTrigonAnimation.m */,
				071CC4BB1DC6FB1D009D5C27 /* DGActivityIndicatorThreeDotsAnimation.h */,
				071CC4BC1DC6FB1D009D5C27 /* DGActivityIndicatorThreeDotsAnimation.m */,
				071CC4BD1DC6FB1D009D5C27 /* DGActivityIndicatorTriangleSkewSpinAnimation.h */,
				071CC4BE1DC6FB1D009D5C27 /* DGActivityIndicatorTriangleSkewSpinAnimation.m */,
				071CC4BF1DC6FB1D009D5C27 /* DGActivityIndicatorTriplePulseAnimation.h */,
				071CC4C01DC6FB1D009D5C27 /* DGActivityIndicatorTriplePulseAnimation.m */,
				071CC4C11DC6FB1D009D5C27 /* DGActivityIndicatorTripleRingsAnimation.h */,
				071CC4C21DC6FB1D009D5C27 /* DGActivityIndicatorTripleRingsAnimation.m */,
				071CC4C31DC6FB1D009D5C27 /* DGActivityIndicatorTwoDotsAnimation.h */,
				071CC4C41DC6FB1D009D5C27 /* DGActivityIndicatorTwoDotsAnimation.m */,
			);
			path = Animations;
			sourceTree = "<group>";
		};
		071CC4EC1DC6FB8A009D5C27 /* UIComponents */ = {
			isa = PBXGroup;
			children = (
				071CC4ED1DC6FBDC009D5C27 /* ALLoadingView.swift */,
				071CC4F21DC71693009D5C27 /* ALHudView.swift */,
				071CC4F41DC724AF009D5C27 /* ALLoadingCell.swift */,
				071CC5741DC77C2F009D5C27 /* ALTextField.swift */,
				071CC5781DC79C79009D5C27 /* ALInputTextView.swift */,
				071CC5761DC79A70009D5C27 /* ALLabel.swift */,
				071CC57A1DC7A300009D5C27 /* ALImagePicker.swift */,
			);
			name = UIComponents;
			sourceTree = "<group>";
		};
		071CC4FC1DC73B84009D5C27 /* Helper */ = {
			isa = PBXGroup;
			children = (
				071CC5721DC75945009D5C27 /* Constants.swift */,
			);
			name = Helper;
			sourceTree = "<group>";
		};
		071CC57D1DC7D76E009D5C27 /* Resources */ = {
			isa = PBXGroup;
			children = (
				071CC57E1DC7D76E009D5C27 /* Fonts */,
			);
			path = Resources;
			sourceTree = SOURCE_ROOT;
		};
		071CC57E1DC7D76E009D5C27 /* Fonts */ = {
			isa = PBXGroup;
			children = (
				071CC57F1DC7D76E009D5C27 /* ProximaNova-Bold.otf */,
				071CC5801DC7D76E009D5C27 /* ProximaNova-Light.otf */,
				071CC5811DC7D76E009D5C27 /* ProximaNova-Regular.otf */,
				071CC5821DC7D76E009D5C27 /* ProximaNova-Semibold.otf */,
				071CC5831DC7D76E009D5C27 /* Roboto-Black.ttf */,
				071CC5841DC7D76E009D5C27 /* Roboto-Bold.ttf */,
				071CC5851DC7D76E009D5C27 /* Roboto-Light.ttf */,
				071CC5861DC7D76E009D5C27 /* Roboto-Medium.ttf */,
				071CC5871DC7D76E009D5C27 /* Roboto-Regular.ttf */,
				071CC5881DC7D76E009D5C27 /* Roboto-Thin.ttf */,
			);
			path = Fonts;
			sourceTree = "<group>";
		};
		072669A91DC0B14E0068B7DD /* DataCenter */ = {
			isa = PBXGroup;
			children = (
				076423471DC6065800EFC325 /* Models */,
				078C358E1DC394CC007233A6 /* Notes */,
				07CB145B1DC32704007356BE /* SignUp */,
				07CB14571DC3269D007356BE /* SignIn */,
				072669B71DC0B5270068B7DD /* FLDataCenter.swift */,
			);
			name = DataCenter;
			sourceTree = "<group>";
		};
		072669AA1DC0B1560068B7DD /* Screens */ = {
			isa = PBXGroup;
			children = (
				072669AB1DC0B18F0068B7DD /* DecisionView.swift */,
				072669AC1DC0B18F0068B7DD /* DecisionViewController.swift */,
				072669AD1DC0B18F0068B7DD /* LoginView.swift */,
				072669AE1DC0B18F0068B7DD /* LoginViewController.swift */,
				072669AF1DC0B18F0068B7DD /* SignupView.swift */,
				072669B01DC0B18F0068B7DD /* SignupViewController.swift */,
				07D973ED1DC3612700F810E1 /* HomeViewController.swift */,
				0764234C1DC60F1500EFC325 /* HomeCell.swift */,
				07D973EF1DC3614300F810E1 /* HomeView.swift */,
				078C358A1DC37530007233A6 /* AddNotesViewController.swift */,
				078C358C1DC3754C007233A6 /* AddNotesView.swift */,
			);
			name = Screens;
			sourceTree = "<group>";
		};
		076423471DC6065800EFC325 /* Models */ = {
			isa = PBXGroup;
			children = (
				076423481DC6067D00EFC325 /* Data.swift */,
				076423491DC6067D00EFC325 /* FetchNotesResponse.swift */,
			);
			name = Models;
			sourceTree = "<group>";
		};
		078C358E1DC394CC007233A6 /* Notes */ = {
			isa = PBXGroup;
			children = (
				078C358F1DC394FD007233A6 /* NotesActionsDataCenter.swift */,
			);
			name = Notes;
			sourceTree = "<group>";
		};
		07CB14571DC3269D007356BE /* SignIn */ = {
			isa = PBXGroup;
			children = (
				07CB14591DC326D8007356BE /* SignInDataCenter.swift */,
			);
			name = SignIn;
			sourceTree = "<group>";
		};
		07CB145B1DC32704007356BE /* SignUp */ = {
			isa = PBXGroup;
			children = (
				07CB145C1DC3271C007356BE /* SignUpDataCenter.swift */,
			);
			name = SignUp;
			sourceTree = "<group>";
		};
		07D973E51DC35F1C00F810E1 /* Modules */ = {
			isa = PBXGroup;
			children = (
				0719951C1DC85C4800F96E54 /* NavigationBarManager */,
				071CC4FC1DC73B84009D5C27 /* Helper */,
				071CC4EC1DC6FB8A009D5C27 /* UIComponents */,
				07D973E61DC35F4200F810E1 /* Base */,
			);
			name = Modules;
			sourceTree = "<group>";
		};
		07D973E61DC35F4200F810E1 /* Base */ = {
			isa = PBXGroup;
			children = (
				07D973EB1DC35F9900F810E1 /* BaseView.swift */,
				07D973E71DC35F6500F810E1 /* BaseViewController.swift */,
				07D973E91DC35F8500F810E1 /* BaseNavigationViewController.swift */,
			);
			name = Base;
			sourceTree = "<group>";
		};
		07E851361DC340800030C0E9 /* Extensions */ = {
			isa = PBXGroup;
			children = (
				0716D35C1DD7324E00252A24 /* AttributedString+CustomFont.swift */,
				07E851371DC340BF0030C0E9 /* String+Validations.swift */,
				07E851391DC344950030C0E9 /* ViewController+Alerts.swift */,
				071CC4F01DC70610009D5C27 /* Color+CustomColor.swift */,
				071CC4FD1DC73BEB009D5C27 /* Font+CustomFont.swift */,
			);
			name = Extensions;
			sourceTree = "<group>";
		};
		07FC6E0E1DBF490500A0632A = {
			isa = PBXGroup;
			children = (
				077699C51EC3048A0043B80F /* .gitignore */,
				07CB14561DC2A4C4007356BE /* HelloSwift-Bridging-Header.h */,
				07FC6E191DBF490500A0632A /* HelloSwift */,
				07FC6E181DBF490500A0632A /* Products */,
				D9A6401C0C41FED00879BDCA /* Pods */,
				94E8CE7B41F3B9FC01B5AB7B /* Frameworks */,
			);
			sourceTree = "<group>";
		};
		07FC6E181DBF490500A0632A /* Products */ = {
			isa = PBXGroup;
			children = (
				07FC6E171DBF490500A0632A /* HelloSwift.app */,
			);
			name = Products;
			sourceTree = "<group>";
		};
		07FC6E191DBF490500A0632A /* HelloSwift */ = {
			isa = PBXGroup;
			children = (
				071CC57D1DC7D76E009D5C27 /* Resources */,
				071CC47B1DC6FAC3009D5C27 /* External */,
				07D973E51DC35F1C00F810E1 /* Modules */,
				07E851361DC340800030C0E9 /* Extensions */,
				072669A91DC0B14E0068B7DD /* DataCenter */,
				072669AA1DC0B1560068B7DD /* Screens */,
				07FC6E1A1DBF490500A0632A /* AppDelegate.swift */,
				07FC6E211DBF490500A0632A /* Assets.xcassets */,
				07FC6E231DBF490500A0632A /* LaunchScreen.storyboard */,
				07FC6E261DBF490500A0632A /* Info.plist */,
			);
			path = HelloSwift;
			sourceTree = "<group>";
		};
		94E8CE7B41F3B9FC01B5AB7B /* Frameworks */ = {
			isa = PBXGroup;
			children = (
				0715213C1DC8D2CD0098D042 /* AVFoundation.framework */,
				4E6FFB5C0AB2CA300C7D7FE9 /* Pods_HelloSwift.framework */,
			);
			name = Frameworks;
			sourceTree = "<group>";
		};
		D9A6401C0C41FED00879BDCA /* Pods */ = {
			isa = PBXGroup;
			children = (
				A825E68692AB91C59D9173E8 /* Pods-HelloSwift.debug.xcconfig */,
				5D7BC6707B32C8427D689EEA /* Pods-HelloSwift.release.xcconfig */,
			);
			name = Pods;
			sourceTree = "<group>";
		};
/* End PBXGroup section */

/* Begin PBXNativeTarget section */
		07FC6E161DBF490500A0632A /* HelloSwift */ = {
			isa = PBXNativeTarget;
			buildConfigurationList = 07FC6E291DBF490500A0632A /* Build configuration list for PBXNativeTarget "HelloSwift" */;
			buildPhases = (
				77C7D7FD3CC0CED719CF7D06 /* [CP] Check Pods Manifest.lock */,
				07FC6E131DBF490500A0632A /* Sources */,
				07FC6E141DBF490500A0632A /* Frameworks */,
				07FC6E151DBF490500A0632A /* Resources */,
				895D9F75495FCC38AE2C818B /* [CP] Embed Pods Frameworks */,
				F744DF9FD34FE499297A7867 /* [CP] Copy Pods Resources */,
			);
			buildRules = (
			);
			dependencies = (
			);
			name = HelloSwift;
			productName = HelloSwift;
			productReference = 07FC6E171DBF490500A0632A /* HelloSwift.app */;
			productType = "com.apple.product-type.application";
		};
/* End PBXNativeTarget section */

/* Begin PBXProject section */
		07FC6E0F1DBF490500A0632A /* Project object */ = {
			isa = PBXProject;
			attributes = {
				LastSwiftUpdateCheck = 0800;
				LastUpgradeCheck = 0810;
				ORGANIZATIONNAME = "Ranjith Kumar";
				TargetAttributes = {
					07FC6E161DBF490500A0632A = {
						CreatedOnToolsVersion = 8.0;
						DevelopmentTeam = GWPPP8XM37;
						LastSwiftMigration = 0810;
						ProvisioningStyle = Automatic;
					};
				};
			};
			buildConfigurationList = 07FC6E121DBF490500A0632A /* Build configuration list for PBXProject "HelloSwift" */;
			compatibilityVersion = "Xcode 3.2";
			developmentRegion = English;
			hasScannedForEncodings = 0;
			knownRegions = (
				en,
				Base,
			);
			mainGroup = 07FC6E0E1DBF490500A0632A;
			productRefGroup = 07FC6E181DBF490500A0632A /* Products */;
			projectDirPath = "";
			projectRoot = "";
			targets = (
				07FC6E161DBF490500A0632A /* HelloSwift */,
			);
		};
/* End PBXProject section */

/* Begin PBXResourcesBuildPhase section */
		07FC6E151DBF490500A0632A /* Resources */ = {
			isa = PBXResourcesBuildPhase;
			buildActionMask = 2147483647;
			files = (
				071CC5901DC7D76E009D5C27 /* Roboto-Medium.ttf in Resources */,
				071CC5911DC7D76E009D5C27 /* Roboto-Regular.ttf in Resources */,
				071CC5891DC7D76E009D5C27 /* ProximaNova-Bold.otf in Resources */,
				071CC58C1DC7D76E009D5C27 /* ProximaNova-Semibold.otf in Resources */,
				071CC58B1DC7D76E009D5C27 /* ProximaNova-Regular.otf in Resources */,
				071CC58A1DC7D76E009D5C27 /* ProximaNova-Light.otf in Resources */,
				071CC58D1DC7D76E009D5C27 /* Roboto-Black.ttf in Resources */,
				07FC6E251DBF490500A0632A /* LaunchScreen.storyboard in Resources */,
				071CC5921DC7D76E009D5C27 /* Roboto-Thin.ttf in Resources */,
				071CC58E1DC7D76E009D5C27 /* Roboto-Bold.ttf in Resources */,
				07FC6E221DBF490500A0632A /* Assets.xcassets in Resources */,
				077699C61EC3048A0043B80F /* .gitignore in Resources */,
				071CC58F1DC7D76E009D5C27 /* Roboto-Light.ttf in Resources */,
			);
			runOnlyForDeploymentPostprocessing = 0;
		};
/* End PBXResourcesBuildPhase section */

/* Begin PBXShellScriptBuildPhase section */
		77C7D7FD3CC0CED719CF7D06 /* [CP] Check Pods Manifest.lock */ = {
			isa = PBXShellScriptBuildPhase;
			buildActionMask = 2147483647;
			files = (
			);
			inputPaths = (
			);
			name = "[CP] Check Pods Manifest.lock";
			outputPaths = (
			);
			runOnlyForDeploymentPostprocessing = 0;
			shellPath = /bin/sh;
			shellScript = "diff \"${PODS_PODFILE_DIR_PATH}/Podfile.lock\" \"${PODS_ROOT}/Manifest.lock\" > /dev/null\nif [ $? != 0 ] ; then\n    # print error to STDERR\n    echo \"error: The sandbox is not in sync with the Podfile.lock. Run 'pod install' or update your CocoaPods installation.\" >&2\n    exit 1\nfi\n";
			showEnvVarsInLog = 0;
		};
		895D9F75495FCC38AE2C818B /* [CP] Embed Pods Frameworks */ = {
			isa = PBXShellScriptBuildPhase;
			buildActionMask = 2147483647;
			files = (
			);
			inputPaths = (
			);
			name = "[CP] Embed Pods Frameworks";
			outputPaths = (
			);
			runOnlyForDeploymentPostprocessing = 0;
			shellPath = /bin/sh;
			shellScript = "\"${SRCROOT}/Pods/Target Support Files/Pods-HelloSwift/Pods-HelloSwift-frameworks.sh\"\n";
			showEnvVarsInLog = 0;
		};
		F744DF9FD34FE499297A7867 /* [CP] Copy Pods Resources */ = {
			isa = PBXShellScriptBuildPhase;
			buildActionMask = 2147483647;
			files = (
			);
			inputPaths = (
			);
			name = "[CP] Copy Pods Resources";
			outputPaths = (
			);
			runOnlyForDeploymentPostprocessing = 0;
			shellPath = /bin/sh;
			shellScript = "\"${SRCROOT}/Pods/Target Support Files/Pods-HelloSwift/Pods-HelloSwift-resources.sh\"\n";
			showEnvVarsInLog = 0;
		};
/* End PBXShellScriptBuildPhase section */

/* Begin PBXSourcesBuildPhase section */
		07FC6E131DBF490500A0632A /* Sources */ = {
			isa = PBXSourcesBuildPhase;
			buildActionMask = 2147483647;
			files = (
				07D973E81DC35F6500F810E1 /* BaseViewController.swift in Sources */,
				071CC4E41DC6FB1E009D5C27 /* DGActivityIndicatorRotatingSquaresAnimation.m in Sources */,
				071CC4F11DC70610009D5C27 /* Color+CustomColor.swift in Sources */,
				071CC4DB1DC6FB1E009D5C27 /* DGActivityIndicatorCookieTerminatorAnimation.m in Sources */,
				072669B51DC0B18F0068B7DD /* SignupView.swift in Sources */,
				071CC4E31DC6FB1E009D5C27 /* DGActivityIndicatorRotatingSandglassAnimation.m in Sources */,
				072669B61DC0B18F0068B7DD /* SignupViewController.swift in Sources */,
				0764234B1DC6067D00EFC325 /* FetchNotesResponse.swift in Sources */,
				071CC4D81DC6FB1E009D5C27 /* DGActivityIndicatorBallTrianglePathAnimation.m in Sources */,
				071CC4D61DC6FB1E009D5C27 /* DGActivityIndicatorBallScaleRippleMultipleAnimation.m in Sources */,
				071CC5751DC77C2F009D5C27 /* ALTextField.swift in Sources */,
				07E8513A1DC344950030C0E9 /* ViewController+Alerts.swift in Sources */,
				071CC4E81DC6FB1E009D5C27 /* DGActivityIndicatorTriplePulseAnimation.m in Sources */,
				071CC4E11DC6FB1E009D5C27 /* DGActivityIndicatorLineScalePulseOutRapidAnimation.m in Sources */,
				0764234D1DC60F1500EFC325 /* HomeCell.swift in Sources */,
				07E851381DC340BF0030C0E9 /* String+Validations.swift in Sources */,
				07D973F01DC3614300F810E1 /* HomeView.swift in Sources */,
				071CC4D31DC6FB1E009D5C27 /* DGActivityIndicatorBallScaleAnimation.m in Sources */,
				07D973EA1DC35F8500F810E1 /* BaseNavigationViewController.swift in Sources */,
				071CC4D91DC6FB1E009D5C27 /* DGActivityIndicatorBallZigZagAnimation.m in Sources */,
				0764234A1DC6067D00EFC325 /* Data.swift in Sources */,
				071CC5731DC75945009D5C27 /* Constants.swift in Sources */,
				0715213B1DC8AD370098D042 /* BackNavigationButtonView.swift in Sources */,
				071CC4EA1DC6FB1E009D5C27 /* DGActivityIndicatorTwoDotsAnimation.m in Sources */,
				071CC4DD1DC6FB1E009D5C27 /* DGActivityIndicatorFiveDotsAnimation.m in Sources */,
				072669B81DC0B5270068B7DD /* FLDataCenter.swift in Sources */,
				072669B11DC0B18F0068B7DD /* DecisionView.swift in Sources */,
				071CC4EB1DC6FB1E009D5C27 /* DGActivityIndicatorView.m in Sources */,
				071CC4F51DC724AF009D5C27 /* ALLoadingCell.swift in Sources */,
				072669B21DC0B18F0068B7DD /* DecisionViewController.swift in Sources */,
				071CC5791DC79C79009D5C27 /* ALInputTextView.swift in Sources */,
				071CC4D41DC6FB1E009D5C27 /* DGActivityIndicatorBallScaleMultipleAnimation.m in Sources */,
				071995201DC85DDF00F96E54 /* BarButtonItemsFactory.swift in Sources */,
				071995281DC87E5100F96E54 /* ComposeNotificationGroupBtnView.swift in Sources */,
				071CC4C81DC6FB1E009D5C27 /* DACircularProgressView.m in Sources */,
				071CC4CB1DC6FB1E009D5C27 /* DGActivityIndicatorBallClipRotateAnimation.m in Sources */,
				071CC4DF1DC6FB1E009D5C27 /* DGActivityIndicatorLineScalePartyAnimation.m in Sources */,
				072669B31DC0B18F0068B7DD /* LoginView.swift in Sources */,
				071CC4F31DC71693009D5C27 /* ALHudView.swift in Sources */,
				072669B41DC0B18F0068B7DD /* LoginViewController.swift in Sources */,
				078C35901DC394FD007233A6 /* NotesActionsDataCenter.swift in Sources */,
				07D973EE1DC3612700F810E1 /* HomeViewController.swift in Sources */,
				07FC6E1B1DBF490500A0632A /* AppDelegate.swift in Sources */,
				071CC57B1DC7A300009D5C27 /* ALImagePicker.swift in Sources */,
				071CC4DE1DC6FB1E009D5C27 /* DGActivityIndicatorLineScaleAnimation.m in Sources */,
				071CC5771DC79A70009D5C27 /* ALLabel.swift in Sources */,
				071CC4E91DC6FB1E009D5C27 /* DGActivityIndicatorTripleRingsAnimation.m in Sources */,
				071CC4C91DC6FB1E009D5C27 /* DALabeledCircularProgressView.m in Sources */,
				071CC4E61DC6FB1E009D5C27 /* DGActivityIndicatorThreeDotsAnimation.m in Sources */,
				078C358D1DC3754C007233A6 /* AddNotesView.swift in Sources */,
				071CC4CC1DC6FB1E009D5C27 /* DGActivityIndicatorBallClipRotateMultipleAnimation.m in Sources */,
				071CC4E01DC6FB1E009D5C27 /* DGActivityIndicatorLineScalePulseOutAnimation.m in Sources */,
				0719951E1DC85C9C00F96E54 /* NavigationBarManager.swift in Sources */,
				0705BB381DC8910C00FA8AA9 /* OuterHotButton.swift in Sources */,
				071CC4CD1DC6FB1E009D5C27 /* DGActivityIndicatorBallClipRotatePulseAnimation.m in Sources */,
				071CC4CF1DC6FB1E009D5C27 /* DGActivityIndicatorBallGridPulseAnimation.m in Sources */,
				0716D35D1DD7324E00252A24 /* AttributedString+CustomFont.swift in Sources */,
				078C358B1DC37530007233A6 /* AddNotesViewController.swift in Sources */,
				071CC4D11DC6FB1E009D5C27 /* DGActivityIndicatorBallPulseSyncAnimation.m in Sources */,
				071CC4D51DC6FB1E009D5C27 /* DGActivityIndicatorBallScaleRippleAnimation.m in Sources */,
				071CC4FE1DC73BEB009D5C27 /* Font+CustomFont.swift in Sources */,
				071CC4E71DC6FB1E009D5C27 /* DGActivityIndicatorTriangleSkewSpinAnimation.m in Sources */,
				07D973EC1DC35F9900F810E1 /* BaseView.swift in Sources */,
				071CC4D01DC6FB1E009D5C27 /* DGActivityIndicatorBallPulseAnimation.m in Sources */,
				071CC4DA1DC6FB1E009D5C27 /* DGActivityIndicatorBallZigZagDeflectAnimation.m in Sources */,
				07CB145D1DC3271C007356BE /* SignUpDataCenter.swift in Sources */,
				071CC4D21DC6FB1E009D5C27 /* DGActivityIndicatorBallRotateAnimation.m in Sources */,
				071CC4EE1DC6FBDC009D5C27 /* ALLoadingView.swift in Sources */,
				071CC4E21DC6FB1E009D5C27 /* DGActivityIndicatorNineDotsAnimation.m in Sources */,
				071CC4CE1DC6FB1E009D5C27 /* DGActivityIndicatorBallGridBeatAnimation.m in Sources */,
				07CB145A1DC326D8007356BE /* SignInDataCenter.swift in Sources */,
				071CC4E51DC6FB1E009D5C27 /* DGActivityIndicatorRotatingTrigonAnimation.m in Sources */,
				071CC4DC1DC6FB1E009D5C27 /* DGActivityIndicatorDoubleBounceAnimation.m in Sources */,
				071CC4D71DC6FB1E009D5C27 /* DGActivityIndicatorBallSpinFadeLoader.m in Sources */,
				071CC4CA1DC6FB1E009D5C27 /* DGActivityIndicatorBallBeatAnimation.m in Sources */,
			);
			runOnlyForDeploymentPostprocessing = 0;
		};
/* End PBXSourcesBuildPhase section */

/* Begin PBXVariantGroup section */
		07FC6E231DBF490500A0632A /* LaunchScreen.storyboard */ = {
			isa = PBXVariantGroup;
			children = (
				07FC6E241DBF490500A0632A /* Base */,
			);
			name = LaunchScreen.storyboard;
			sourceTree = "<group>";
		};
/* End PBXVariantGroup section */

/* Begin XCBuildConfiguration section */
		07FC6E271DBF490500A0632A /* Debug */ = {
			isa = XCBuildConfiguration;
			buildSettings = {
				ALWAYS_SEARCH_USER_PATHS = NO;
				CLANG_ANALYZER_NONNULL = YES;
				CLANG_CXX_LANGUAGE_STANDARD = "gnu++0x";
				CLANG_CXX_LIBRARY = "libc++";
				CLANG_ENABLE_MODULES = YES;
				CLANG_ENABLE_OBJC_ARC = YES;
				CLANG_WARN_BOOL_CONVERSION = YES;
				CLANG_WARN_CONSTANT_CONVERSION = YES;
				CLANG_WARN_DIRECT_OBJC_ISA_USAGE = YES_ERROR;
				CLANG_WARN_DOCUMENTATION_COMMENTS = YES;
				CLANG_WARN_EMPTY_BODY = YES;
				CLANG_WARN_ENUM_CONVERSION = YES;
				CLANG_WARN_INFINITE_RECURSION = YES;
				CLANG_WARN_INT_CONVERSION = YES;
				CLANG_WARN_OBJC_ROOT_CLASS = YES_ERROR;
				CLANG_WARN_SUSPICIOUS_MOVE = YES;
				CLANG_WARN_SUSPICIOUS_MOVES = YES;
				CLANG_WARN_UNREACHABLE_CODE = YES;
				CLANG_WARN__DUPLICATE_METHOD_MATCH = YES;
				"CODE_SIGN_IDENTITY[sdk=iphoneos*]" = "iPhone Developer";
				COPY_PHASE_STRIP = NO;
				DEBUG_INFORMATION_FORMAT = dwarf;
				ENABLE_STRICT_OBJC_MSGSEND = YES;
				ENABLE_TESTABILITY = YES;
				GCC_C_LANGUAGE_STANDARD = gnu99;
				GCC_DYNAMIC_NO_PIC = NO;
				GCC_NO_COMMON_BLOCKS = YES;
				GCC_OPTIMIZATION_LEVEL = 0;
				GCC_PREPROCESSOR_DEFINITIONS = (
					"DEBUG=1",
					"$(inherited)",
				);
				GCC_WARN_64_TO_32_BIT_CONVERSION = YES;
				GCC_WARN_ABOUT_RETURN_TYPE = YES_ERROR;
				GCC_WARN_UNDECLARED_SELECTOR = YES;
				GCC_WARN_UNINITIALIZED_AUTOS = YES_AGGRESSIVE;
				GCC_WARN_UNUSED_FUNCTION = YES;
				GCC_WARN_UNUSED_VARIABLE = YES;
				IPHONEOS_DEPLOYMENT_TARGET = 10.0;
				MTL_ENABLE_DEBUG_INFO = YES;
				ONLY_ACTIVE_ARCH = YES;
				SDKROOT = iphoneos;
				SWIFT_ACTIVE_COMPILATION_CONDITIONS = DEBUG;
				SWIFT_OPTIMIZATION_LEVEL = "-Onone";
			};
			name = Debug;
		};
		07FC6E281DBF490500A0632A /* Release */ = {
			isa = XCBuildConfiguration;
			buildSettings = {
				ALWAYS_SEARCH_USER_PATHS = NO;
				CLANG_ANALYZER_NONNULL = YES;
				CLANG_CXX_LANGUAGE_STANDARD = "gnu++0x";
				CLANG_CXX_LIBRARY = "libc++";
				CLANG_ENABLE_MODULES = YES;
				CLANG_ENABLE_OBJC_ARC = YES;
				CLANG_WARN_BOOL_CONVERSION = YES;
				CLANG_WARN_CONSTANT_CONVERSION = YES;
				CLANG_WARN_DIRECT_OBJC_ISA_USAGE = YES_ERROR;
				CLANG_WARN_DOCUMENTATION_COMMENTS = YES;
				CLANG_WARN_EMPTY_BODY = YES;
				CLANG_WARN_ENUM_CONVERSION = YES;
				CLANG_WARN_INFINITE_RECURSION = YES;
				CLANG_WARN_INT_CONVERSION = YES;
				CLANG_WARN_OBJC_ROOT_CLASS = YES_ERROR;
				CLANG_WARN_SUSPICIOUS_MOVE = YES;
				CLANG_WARN_SUSPICIOUS_MOVES = YES;
				CLANG_WARN_UNREACHABLE_CODE = YES;
				CLANG_WARN__DUPLICATE_METHOD_MATCH = YES;
				"CODE_SIGN_IDENTITY[sdk=iphoneos*]" = "iPhone Developer";
				COPY_PHASE_STRIP = NO;
				DEBUG_INFORMATION_FORMAT = "dwarf-with-dsym";
				ENABLE_NS_ASSERTIONS = NO;
				ENABLE_STRICT_OBJC_MSGSEND = YES;
				GCC_C_LANGUAGE_STANDARD = gnu99;
				GCC_NO_COMMON_BLOCKS = YES;
				GCC_WARN_64_TO_32_BIT_CONVERSION = YES;
				GCC_WARN_ABOUT_RETURN_TYPE = YES_ERROR;
				GCC_WARN_UNDECLARED_SELECTOR = YES;
				GCC_WARN_UNINITIALIZED_AUTOS = YES_AGGRESSIVE;
				GCC_WARN_UNUSED_FUNCTION = YES;
				GCC_WARN_UNUSED_VARIABLE = YES;
				IPHONEOS_DEPLOYMENT_TARGET = 10.0;
				MTL_ENABLE_DEBUG_INFO = NO;
				SDKROOT = iphoneos;
				SWIFT_OPTIMIZATION_LEVEL = "-Owholemodule";
				VALIDATE_PRODUCT = YES;
			};
			name = Release;
		};
		07FC6E2A1DBF490500A0632A /* Debug */ = {
			isa = XCBuildConfiguration;
			baseConfigurationReference = A825E68692AB91C59D9173E8 /* Pods-HelloSwift.debug.xcconfig */;
			buildSettings = {
				ASSETCATALOG_COMPILER_APPICON_NAME = AppIcon;
				"CODE_SIGN_IDENTITY[sdk=iphoneos*]" = "iPhone Developer";
				DEVELOPMENT_TEAM = GWPPP8XM37;
				INFOPLIST_FILE = HelloSwift/Info.plist;
				IPHONEOS_DEPLOYMENT_TARGET = 9.0;
				LD_RUNPATH_SEARCH_PATHS = "$(inherited) @executable_path/Frameworks";
				PRODUCT_BUNDLE_IDENTIFIER = com.iTag.HelloSwift;
				PRODUCT_NAME = "$(TARGET_NAME)";
				SWIFT_OBJC_BRIDGING_HEADER = "HelloSwift-Bridging-Header.h";
				SWIFT_VERSION = 3.0;
			};
			name = Debug;
		};
		07FC6E2B1DBF490500A0632A /* Release */ = {
			isa = XCBuildConfiguration;
			baseConfigurationReference = 5D7BC6707B32C8427D689EEA /* Pods-HelloSwift.release.xcconfig */;
			buildSettings = {
				ASSETCATALOG_COMPILER_APPICON_NAME = AppIcon;
				"CODE_SIGN_IDENTITY[sdk=iphoneos*]" = "iPhone Developer";
				DEVELOPMENT_TEAM = GWPPP8XM37;
				INFOPLIST_FILE = HelloSwift/Info.plist;
				IPHONEOS_DEPLOYMENT_TARGET = 9.0;
				LD_RUNPATH_SEARCH_PATHS = "$(inherited) @executable_path/Frameworks";
				PRODUCT_BUNDLE_IDENTIFIER = com.iTag.HelloSwift;
				PRODUCT_NAME = "$(TARGET_NAME)";
				SWIFT_OBJC_BRIDGING_HEADER = "HelloSwift-Bridging-Header.h";
				SWIFT_VERSION = 3.0;
			};
			name = Release;
		};
/* End XCBuildConfiguration section */

/* Begin XCConfigurationList section */
		07FC6E121DBF490500A0632A /* Build configuration list for PBXProject "HelloSwift" */ = {
			isa = XCConfigurationList;
			buildConfigurations = (
				07FC6E271DBF490500A0632A /* Debug */,
				07FC6E281DBF490500A0632A /* Release */,
			);
			defaultConfigurationIsVisible = 0;
			defaultConfigurationName = Release;
		};
		07FC6E291DBF490500A0632A /* Build configuration list for PBXNativeTarget "HelloSwift" */ = {
			isa = XCConfigurationList;
			buildConfigurations = (
				07FC6E2A1DBF490500A0632A /* Debug */,
				07FC6E2B1DBF490500A0632A /* Release */,
			);
			defaultConfigurationIsVisible = 0;
			defaultConfigurationName = Release;
		};
/* End XCConfigurationList section */
	};
	rootObject = 07FC6E0F1DBF490500A0632A /* Project object */;
}
